// !$*UTF8*$!
{
	archiveVersion = 1;
	classes = {
	};
	objectVersion = 50;
	objects = {

/* Begin PBXBuildFile section */
		3D3CF77B22EDB97E00591A40 /* CoreDataError.swift in Sources */ = {isa = PBXBuildFile; fileRef = 3D3CF77922EDB97E00591A40 /* CoreDataError.swift */; };
		3D3CF77C22EDB97E00591A40 /* DATAStack.swift in Sources */ = {isa = PBXBuildFile; fileRef = 3D3CF77A22EDB97E00591A40 /* DATAStack.swift */; };
		3D3CF78022EDBABA00591A40 /* PokeCodeTest.xcdatamodeld in Sources */ = {isa = PBXBuildFile; fileRef = 3D3CF77E22EDBABA00591A40 /* PokeCodeTest.xcdatamodeld */; };
		3D3CF78622EDF2A100591A40 /* _PokemonData.swift in Sources */ = {isa = PBXBuildFile; fileRef = 3D3CF78422EDF2A100591A40 /* _PokemonData.swift */; };
		3D3CF78722EDF2A100591A40 /* _PokemonTypeData.swift in Sources */ = {isa = PBXBuildFile; fileRef = 3D3CF78522EDF2A100591A40 /* _PokemonTypeData.swift */; };
		3D3CF78A22EDF2AE00591A40 /* PokemonTypeData.swift in Sources */ = {isa = PBXBuildFile; fileRef = 3D3CF78822EDF2AE00591A40 /* PokemonTypeData.swift */; };
		3D3CF78B22EDF2AE00591A40 /* PokemonData.swift in Sources */ = {isa = PBXBuildFile; fileRef = 3D3CF78922EDF2AE00591A40 /* PokemonData.swift */; };
		3D3CF78D22EDFA5300591A40 /* BaseCoreDataMapper.swift in Sources */ = {isa = PBXBuildFile; fileRef = 3D3CF78C22EDFA5300591A40 /* BaseCoreDataMapper.swift */; };
		3D3CF79522EE031000591A40 /* PokemonCoreDataMapper.swift in Sources */ = {isa = PBXBuildFile; fileRef = 3D3CF79422EE031000591A40 /* PokemonCoreDataMapper.swift */; };
		3D3CF79722EE03C200591A40 /* PokemonTypeCoreDataMapper.swift in Sources */ = {isa = PBXBuildFile; fileRef = 3D3CF79622EE03C200591A40 /* PokemonTypeCoreDataMapper.swift */; };
		3D3CF7A022EE095D00591A40 /* AddPokemonToBackpackUseCase.swift in Sources */ = {isa = PBXBuildFile; fileRef = 3D3CF79E22EE095D00591A40 /* AddPokemonToBackpackUseCase.swift */; };
		3D3CF7A122EE095D00591A40 /* AddPokemonToBackpackUseCaseImpl.swift in Sources */ = {isa = PBXBuildFile; fileRef = 3D3CF79F22EE095D00591A40 /* AddPokemonToBackpackUseCaseImpl.swift */; };
		3D3CF7A422EE09D800591A40 /* PokemonDataRepositoryImpl.swift in Sources */ = {isa = PBXBuildFile; fileRef = 3D3CF7A222EE09D800591A40 /* PokemonDataRepositoryImpl.swift */; };
		3D3CF7A522EE09D800591A40 /* PokemonDataRepository.swift in Sources */ = {isa = PBXBuildFile; fileRef = 3D3CF7A322EE09D800591A40 /* PokemonDataRepository.swift */; };
		3D3CF7AB22EE0AF400591A40 /* PokeCoreDataGateway.swift in Sources */ = {isa = PBXBuildFile; fileRef = 3D3CF7A822EE0AF400591A40 /* PokeCoreDataGateway.swift */; };
		3D3CF7AC22EE0AF400591A40 /* PokeCoreDataServiceGateway.swift in Sources */ = {isa = PBXBuildFile; fileRef = 3D3CF7A922EE0AF400591A40 /* PokeCoreDataServiceGateway.swift */; };
		3D45042F22EC98560000F1BA /* JSONEncoder + Utils.swift in Sources */ = {isa = PBXBuildFile; fileRef = 3D45042E22EC98560000F1BA /* JSONEncoder + Utils.swift */; };
		3D45043122EC99C10000F1BA /* JSONDecoder + Utils.swift in Sources */ = {isa = PBXBuildFile; fileRef = 3D45043022EC99C10000F1BA /* JSONDecoder + Utils.swift */; };
		3D45043422ECA76F0000F1BA /* PokedexTabBarController.swift in Sources */ = {isa = PBXBuildFile; fileRef = 3D45043322ECA76F0000F1BA /* PokedexTabBarController.swift */; };
		3D45043922ECA9DB0000F1BA /* SearchPokemonViewController.swift in Sources */ = {isa = PBXBuildFile; fileRef = 3D45043622ECA9DB0000F1BA /* SearchPokemonViewController.swift */; };
		3D45043A22ECA9DB0000F1BA /* SearchPokemonViewModel.swift in Sources */ = {isa = PBXBuildFile; fileRef = 3D45043722ECA9DB0000F1BA /* SearchPokemonViewModel.swift */; };
		3D45043B22ECA9DB0000F1BA /* SearchPokemonViewController.xib in Resources */ = {isa = PBXBuildFile; fileRef = 3D45043822ECA9DB0000F1BA /* SearchPokemonViewController.xib */; };
		3D6CB45422EA38D50039A140 /* AppDelegate.swift in Sources */ = {isa = PBXBuildFile; fileRef = 3D6CB45322EA38D50039A140 /* AppDelegate.swift */; };
		3D6CB45B22EA38D60039A140 /* Assets.xcassets in Resources */ = {isa = PBXBuildFile; fileRef = 3D6CB45A22EA38D60039A140 /* Assets.xcassets */; };
		3D6CB45E22EA38D60039A140 /* LaunchScreen.storyboard in Resources */ = {isa = PBXBuildFile; fileRef = 3D6CB45C22EA38D60039A140 /* LaunchScreen.storyboard */; };
		3D6CB46922EA38D60039A140 /* PokeCodeTestUITests.swift in Sources */ = {isa = PBXBuildFile; fileRef = 3D6CB46822EA38D60039A140 /* PokeCodeTestUITests.swift */; };
		3D6CB4AF22EA3B210039A140 /* JSONLogger.swift in Sources */ = {isa = PBXBuildFile; fileRef = 3D6CB47922EA3B210039A140 /* JSONLogger.swift */; };
		3D6CB4B022EA3B210039A140 /* Roboto-Medium.ttf in Resources */ = {isa = PBXBuildFile; fileRef = 3D6CB47B22EA3B210039A140 /* Roboto-Medium.ttf */; };
		3D6CB4B122EA3B210039A140 /* Roboto-Light.ttf in Resources */ = {isa = PBXBuildFile; fileRef = 3D6CB47C22EA3B210039A140 /* Roboto-Light.ttf */; };
		3D6CB4B222EA3B210039A140 /* Roboto-Regular.ttf in Resources */ = {isa = PBXBuildFile; fileRef = 3D6CB47D22EA3B210039A140 /* Roboto-Regular.ttf */; };
		3D6CB4B322EA3B210039A140 /* Roboto-MediumItalic.ttf in Resources */ = {isa = PBXBuildFile; fileRef = 3D6CB47E22EA3B210039A140 /* Roboto-MediumItalic.ttf */; };
		3D6CB4B422EA3B210039A140 /* Roboto-ThinItalic.ttf in Resources */ = {isa = PBXBuildFile; fileRef = 3D6CB47F22EA3B210039A140 /* Roboto-ThinItalic.ttf */; };
		3D6CB4B522EA3B210039A140 /* Roboto-BoldItalic.ttf in Resources */ = {isa = PBXBuildFile; fileRef = 3D6CB48022EA3B210039A140 /* Roboto-BoldItalic.ttf */; };
		3D6CB4B622EA3B210039A140 /* Roboto-LightItalic.ttf in Resources */ = {isa = PBXBuildFile; fileRef = 3D6CB48122EA3B210039A140 /* Roboto-LightItalic.ttf */; };
		3D6CB4B722EA3B210039A140 /* Roboto-Italic.ttf in Resources */ = {isa = PBXBuildFile; fileRef = 3D6CB48222EA3B210039A140 /* Roboto-Italic.ttf */; };
		3D6CB4B822EA3B210039A140 /* Roboto-BlackItalic.ttf in Resources */ = {isa = PBXBuildFile; fileRef = 3D6CB48322EA3B210039A140 /* Roboto-BlackItalic.ttf */; };
		3D6CB4B922EA3B210039A140 /* Roboto-Bold.ttf in Resources */ = {isa = PBXBuildFile; fileRef = 3D6CB48422EA3B210039A140 /* Roboto-Bold.ttf */; };
		3D6CB4BA22EA3B210039A140 /* Roboto-Thin.ttf in Resources */ = {isa = PBXBuildFile; fileRef = 3D6CB48522EA3B210039A140 /* Roboto-Thin.ttf */; };
		3D6CB4BB22EA3B210039A140 /* Roboto-Black.ttf in Resources */ = {isa = PBXBuildFile; fileRef = 3D6CB48622EA3B210039A140 /* Roboto-Black.ttf */; };
		3D6CB4BC22EA3B210039A140 /* BaseWireframe.swift in Sources */ = {isa = PBXBuildFile; fileRef = 3D6CB48822EA3B210039A140 /* BaseWireframe.swift */; };
		3D6CB4BD22EA3B210039A140 /* BaseViewController.swift in Sources */ = {isa = PBXBuildFile; fileRef = 3D6CB48922EA3B210039A140 /* BaseViewController.swift */; };
		3D6CB4BE22EA3B210039A140 /* BaseComponentView.swift in Sources */ = {isa = PBXBuildFile; fileRef = 3D6CB48A22EA3B210039A140 /* BaseComponentView.swift */; };
		3D6CB4BF22EA3B210039A140 /* BaseViewModel.swift in Sources */ = {isa = PBXBuildFile; fileRef = 3D6CB48B22EA3B210039A140 /* BaseViewModel.swift */; };
		3D6CB4C122EA3B210039A140 /* Wireframe.swift in Sources */ = {isa = PBXBuildFile; fileRef = 3D6CB48E22EA3B210039A140 /* Wireframe.swift */; };
		3D6CB4C222EA3B210039A140 /* BaseViewControllerDelegate.swift in Sources */ = {isa = PBXBuildFile; fileRef = 3D6CB48F22EA3B210039A140 /* BaseViewControllerDelegate.swift */; };
		3D6CB4C322EA3B210039A140 /* Reusable.swift in Sources */ = {isa = PBXBuildFile; fileRef = 3D6CB49022EA3B210039A140 /* Reusable.swift */; };
		3D6CB4C422EA3B210039A140 /* BaseCell.swift in Sources */ = {isa = PBXBuildFile; fileRef = 3D6CB49122EA3B210039A140 /* BaseCell.swift */; };
		3D6CB4C522EA3B210039A140 /* UINavigationBar+Utilities.swift in Sources */ = {isa = PBXBuildFile; fileRef = 3D6CB49322EA3B210039A140 /* UINavigationBar+Utilities.swift */; };
		3D6CB4C622EA3B210039A140 /* RxSwift+Utils.swift in Sources */ = {isa = PBXBuildFile; fileRef = 3D6CB49422EA3B210039A140 /* RxSwift+Utils.swift */; };
		3D6CB4C722EA3B210039A140 /* String+Localized.swift in Sources */ = {isa = PBXBuildFile; fileRef = 3D6CB49522EA3B210039A140 /* String+Localized.swift */; };
		3D6CB4C822EA3B210039A140 /* UIImageView+Maps.swift in Sources */ = {isa = PBXBuildFile; fileRef = 3D6CB49622EA3B210039A140 /* UIImageView+Maps.swift */; };
		3D6CB4C922EA3B210039A140 /* UITableViewCell+Reusable.swift .swift in Sources */ = {isa = PBXBuildFile; fileRef = 3D6CB49722EA3B210039A140 /* UITableViewCell+Reusable.swift .swift */; };
		3D6CB4CA22EA3B210039A140 /* Error+Utils.swift in Sources */ = {isa = PBXBuildFile; fileRef = 3D6CB49822EA3B210039A140 /* Error+Utils.swift */; };
		3D6CB4CC22EA3B210039A140 /* UITableView+Utilities.swift in Sources */ = {isa = PBXBuildFile; fileRef = 3D6CB49A22EA3B210039A140 /* UITableView+Utilities.swift */; };
		3D6CB4CD22EA3B210039A140 /* UIColor+Colorize.swift in Sources */ = {isa = PBXBuildFile; fileRef = 3D6CB49B22EA3B210039A140 /* UIColor+Colorize.swift */; };
		3D6CB4CE22EA3B210039A140 /* Action+Utils.swift in Sources */ = {isa = PBXBuildFile; fileRef = 3D6CB49C22EA3B210039A140 /* Action+Utils.swift */; };
		3D6CB4CF22EA3B210039A140 /* Array+Utils.swift in Sources */ = {isa = PBXBuildFile; fileRef = 3D6CB49D22EA3B210039A140 /* Array+Utils.swift */; };
		3D6CB4D022EA3B210039A140 /* UILabel+Utilities.swift in Sources */ = {isa = PBXBuildFile; fileRef = 3D6CB49E22EA3B210039A140 /* UILabel+Utilities.swift */; };
		3D6CB4D122EA3B210039A140 /* UIButton+Utilities.swift in Sources */ = {isa = PBXBuildFile; fileRef = 3D6CB49F22EA3B210039A140 /* UIButton+Utilities.swift */; };
		3D6CB4D222EA3B210039A140 /* UIViewController+Utils.swift in Sources */ = {isa = PBXBuildFile; fileRef = 3D6CB4A022EA3B210039A140 /* UIViewController+Utils.swift */; };
		3D6CB4D322EA3B210039A140 /* UITableViewCell+BaseViewModel.swift in Sources */ = {isa = PBXBuildFile; fileRef = 3D6CB4A122EA3B210039A140 /* UITableViewCell+BaseViewModel.swift */; };
		3D6CB4D422EA3B210039A140 /* Stylized.swift in Sources */ = {isa = PBXBuildFile; fileRef = 3D6CB4A222EA3B210039A140 /* Stylized.swift */; };
		3D6CB4D522EA3B210039A140 /* UIView+ProgressHUD.swift in Sources */ = {isa = PBXBuildFile; fileRef = 3D6CB4A322EA3B210039A140 /* UIView+ProgressHUD.swift */; };
		3D6CB4D622EA3B210039A140 /* UIImage+Utilities.swift in Sources */ = {isa = PBXBuildFile; fileRef = 3D6CB4A422EA3B210039A140 /* UIImage+Utilities.swift */; };
		3D6CB4D722EA3B210039A140 /* UIView+utilities.swift in Sources */ = {isa = PBXBuildFile; fileRef = 3D6CB4A522EA3B210039A140 /* UIView+utilities.swift */; };
		3D6CB4D822EA3B210039A140 /* Double+Utils.swift in Sources */ = {isa = PBXBuildFile; fileRef = 3D6CB4A622EA3B210039A140 /* Double+Utils.swift */; };
		3D6CB4D922EA3B210039A140 /* String+Utils.swift in Sources */ = {isa = PBXBuildFile; fileRef = 3D6CB4A722EA3B210039A140 /* String+Utils.swift */; };
		3D6CB4DA22EA3B210039A140 /* Date+Utils.swift in Sources */ = {isa = PBXBuildFile; fileRef = 3D6CB4A822EA3B210039A140 /* Date+Utils.swift */; };
		3D6CB4DB22EA3B210039A140 /* Translator.swift in Sources */ = {isa = PBXBuildFile; fileRef = 3D6CB4AA22EA3B210039A140 /* Translator.swift */; };
		3D6CB4DC22EA3B210039A140 /* Theme.swift in Sources */ = {isa = PBXBuildFile; fileRef = 3D6CB4AC22EA3B210039A140 /* Theme.swift */; };
		3D6CB4DD22EA3B210039A140 /* Constants.swift in Sources */ = {isa = PBXBuildFile; fileRef = 3D6CB4AE22EA3B210039A140 /* Constants.swift */; };
		3D6CB4E322EA3EC70039A140 /* NetworkError.swift in Sources */ = {isa = PBXBuildFile; fileRef = 3D6CB4E222EA3EC70039A140 /* NetworkError.swift */; };
		3DE3193B22EB6043006A0CB1 /* NetworkConstants.swift in Sources */ = {isa = PBXBuildFile; fileRef = 3DE3193A22EB6043006A0CB1 /* NetworkConstants.swift */; };
		3DE3194222EB62B8006A0CB1 /* UpperBannerView.xib in Resources */ = {isa = PBXBuildFile; fileRef = 3DE3193F22EB62B8006A0CB1 /* UpperBannerView.xib */; };
		3DE3194322EB62B8006A0CB1 /* UpperBannerView.swift in Sources */ = {isa = PBXBuildFile; fileRef = 3DE3194022EB62B8006A0CB1 /* UpperBannerView.swift */; };
		3DE3194422EB62B8006A0CB1 /* UpperBannerViewModel.swift in Sources */ = {isa = PBXBuildFile; fileRef = 3DE3194122EB62B8006A0CB1 /* UpperBannerViewModel.swift */; };
		3DE3194922EB634A006A0CB1 /* BackgroundView.xib in Resources */ = {isa = PBXBuildFile; fileRef = 3DE3194622EB634A006A0CB1 /* BackgroundView.xib */; };
		3DE3194A22EB634A006A0CB1 /* BackgroundView.swift in Sources */ = {isa = PBXBuildFile; fileRef = 3DE3194722EB634A006A0CB1 /* BackgroundView.swift */; };
		3DE3194B22EB634A006A0CB1 /* BackgroundViewModel.swift in Sources */ = {isa = PBXBuildFile; fileRef = 3DE3194822EB634A006A0CB1 /* BackgroundViewModel.swift */; };
		3DE3194D22EB6837006A0CB1 /* Int + Utils.swift in Sources */ = {isa = PBXBuildFile; fileRef = 3DE3194C22EB6837006A0CB1 /* Int + Utils.swift */; };
		3DE3195022EB6BBE006A0CB1 /* Network.swift in Sources */ = {isa = PBXBuildFile; fileRef = 3DE3194F22EB6BBE006A0CB1 /* Network.swift */; };
		3DE3195322EB6C37006A0CB1 /* NetworkHeadersAdapter.swift in Sources */ = {isa = PBXBuildFile; fileRef = 3DE3195122EB6C37006A0CB1 /* NetworkHeadersAdapter.swift */; };
		3DE3195422EB6C38006A0CB1 /* NetworkRequest.swift in Sources */ = {isa = PBXBuildFile; fileRef = 3DE3195222EB6C37006A0CB1 /* NetworkRequest.swift */; };
		3DE3195622EB6CBE006A0CB1 /* ArrayEncoding.swift in Sources */ = {isa = PBXBuildFile; fileRef = 3DE3195522EB6CBE006A0CB1 /* ArrayEncoding.swift */; };
		3DE3195822EB6D83006A0CB1 /* NetworkProxy.swift in Sources */ = {isa = PBXBuildFile; fileRef = 3DE3195722EB6D83006A0CB1 /* NetworkProxy.swift */; };
		3DE3196022EB6FE3006A0CB1 /* PokeapiGateway.swift in Sources */ = {isa = PBXBuildFile; fileRef = 3DE3195D22EB6FE3006A0CB1 /* PokeapiGateway.swift */; };
		3DE3196122EB6FE3006A0CB1 /* PokeapiServiceGateway.swift in Sources */ = {isa = PBXBuildFile; fileRef = 3DE3195E22EB6FE3006A0CB1 /* PokeapiServiceGateway.swift */; };
		3DE3196222EB6FE3006A0CB1 /* PokeapiService.swift in Sources */ = {isa = PBXBuildFile; fileRef = 3DE3195F22EB6FE3006A0CB1 /* PokeapiService.swift */; };
		3DE3196A22EB70B8006A0CB1 /* PokemonEntityDataMapper.swift in Sources */ = {isa = PBXBuildFile; fileRef = 3DE3196522EB70B8006A0CB1 /* PokemonEntityDataMapper.swift */; };
		3DE3196B22EB70B8006A0CB1 /* PokemonModel.swift in Sources */ = {isa = PBXBuildFile; fileRef = 3DE3196622EB70B8006A0CB1 /* PokemonModel.swift */; };
		3DE3196C22EB70B8006A0CB1 /* Pokemon.swift in Sources */ = {isa = PBXBuildFile; fileRef = 3DE3196722EB70B8006A0CB1 /* Pokemon.swift */; };
		3DE3196D22EB70B8006A0CB1 /* PokemonModelDataMapper.swift in Sources */ = {isa = PBXBuildFile; fileRef = 3DE3196822EB70B8006A0CB1 /* PokemonModelDataMapper.swift */; };
		3DE3196E22EB70B8006A0CB1 /* PokemonEntity.swift in Sources */ = {isa = PBXBuildFile; fileRef = 3DE3196922EB70B8006A0CB1 /* PokemonEntity.swift */; };
		3DE3197822EB72C3006A0CB1 /* PokemonTypeEntityDataMapper.swift in Sources */ = {isa = PBXBuildFile; fileRef = 3DE3197322EB72C3006A0CB1 /* PokemonTypeEntityDataMapper.swift */; };
		3DE3197922EB72C3006A0CB1 /* PokemonTypeModel.swift in Sources */ = {isa = PBXBuildFile; fileRef = 3DE3197422EB72C3006A0CB1 /* PokemonTypeModel.swift */; };
		3DE3197A22EB72C3006A0CB1 /* PokemonType.swift in Sources */ = {isa = PBXBuildFile; fileRef = 3DE3197522EB72C3006A0CB1 /* PokemonType.swift */; };
		3DE3197B22EB72C3006A0CB1 /* PokemonTypeModelDataMapper.swift in Sources */ = {isa = PBXBuildFile; fileRef = 3DE3197622EB72C3006A0CB1 /* PokemonTypeModelDataMapper.swift */; };
		3DE3197C22EB72C3006A0CB1 /* PokemonTypeEntity.swift in Sources */ = {isa = PBXBuildFile; fileRef = 3DE3197722EB72C3006A0CB1 /* PokemonTypeEntity.swift */; };
		3DE3197E22EB7975006A0CB1 /* BaseEntityDataMapper.swift in Sources */ = {isa = PBXBuildFile; fileRef = 3DE3197D22EB7975006A0CB1 /* BaseEntityDataMapper.swift */; };
		3DE3198022EB7CFB006A0CB1 /* BaseModelDataMapper.swift in Sources */ = {isa = PBXBuildFile; fileRef = 3DE3197F22EB7CFB006A0CB1 /* BaseModelDataMapper.swift */; };
		3DE3198A22EB82A4006A0CB1 /* PokemonRepositoryImpl.swift in Sources */ = {isa = PBXBuildFile; fileRef = 3DE3198822EB82A4006A0CB1 /* PokemonRepositoryImpl.swift */; };
		3DE3198B22EB82A4006A0CB1 /* PokemonRepository.swift in Sources */ = {isa = PBXBuildFile; fileRef = 3DE3198922EB82A4006A0CB1 /* PokemonRepository.swift */; };
		3DE3198E22EB84D4006A0CB1 /* BaseUseCaseImpl.swift in Sources */ = {isa = PBXBuildFile; fileRef = 3DE3198D22EB84D4006A0CB1 /* BaseUseCaseImpl.swift */; };
		3DE3199122EB8518006A0CB1 /* SearchPokemonUseCase.swift in Sources */ = {isa = PBXBuildFile; fileRef = 3DE3198F22EB8518006A0CB1 /* SearchPokemonUseCase.swift */; };
		3DE3199222EB8518006A0CB1 /* SearchPokemonUseCaseImpl.swift in Sources */ = {isa = PBXBuildFile; fileRef = 3DE3199022EB8518006A0CB1 /* SearchPokemonUseCaseImpl.swift */; };
		6D51403BF20689DB06FA4FC7 /* Pods_PokeCodeTest.framework in Frameworks */ = {isa = PBXBuildFile; fileRef = 0E825019626A6EE71A798707 /* Pods_PokeCodeTest.framework */; };
		A165C80A6262EDBB10290DA4 /* Pods_PokeCodeTestUITests.framework in Frameworks */ = {isa = PBXBuildFile; fileRef = 86A097A792CF9733E757F87E /* Pods_PokeCodeTestUITests.framework */; };
/* End PBXBuildFile section */

/* Begin PBXContainerItemProxy section */
		3D6CB46522EA38D60039A140 /* PBXContainerItemProxy */ = {
			isa = PBXContainerItemProxy;
			containerPortal = 3D6CB44822EA38D50039A140 /* Project object */;
			proxyType = 1;
			remoteGlobalIDString = 3D6CB44F22EA38D50039A140;
			remoteInfo = PokeCodeTest;
		};
/* End PBXContainerItemProxy section */

/* Begin PBXFileReference section */
		0E825019626A6EE71A798707 /* Pods_PokeCodeTest.framework */ = {isa = PBXFileReference; explicitFileType = wrapper.framework; includeInIndex = 0; path = Pods_PokeCodeTest.framework; sourceTree = BUILT_PRODUCTS_DIR; };
		3D3CF77922EDB97E00591A40 /* CoreDataError.swift */ = {isa = PBXFileReference; fileEncoding = 4; lastKnownFileType = sourcecode.swift; path = CoreDataError.swift; sourceTree = "<group>"; };
		3D3CF77A22EDB97E00591A40 /* DATAStack.swift */ = {isa = PBXFileReference; fileEncoding = 4; lastKnownFileType = sourcecode.swift; path = DATAStack.swift; sourceTree = "<group>"; };
		3D3CF77F22EDBABA00591A40 /* PokeCodeTest.xcdatamodel */ = {isa = PBXFileReference; lastKnownFileType = wrapper.xcdatamodel; path = PokeCodeTest.xcdatamodel; sourceTree = "<group>"; };
		3D3CF78422EDF2A100591A40 /* _PokemonData.swift */ = {isa = PBXFileReference; fileEncoding = 4; lastKnownFileType = sourcecode.swift; path = _PokemonData.swift; sourceTree = "<group>"; };
		3D3CF78522EDF2A100591A40 /* _PokemonTypeData.swift */ = {isa = PBXFileReference; fileEncoding = 4; lastKnownFileType = sourcecode.swift; path = _PokemonTypeData.swift; sourceTree = "<group>"; };
		3D3CF78822EDF2AE00591A40 /* PokemonTypeData.swift */ = {isa = PBXFileReference; fileEncoding = 4; lastKnownFileType = sourcecode.swift; path = PokemonTypeData.swift; sourceTree = "<group>"; };
		3D3CF78922EDF2AE00591A40 /* PokemonData.swift */ = {isa = PBXFileReference; fileEncoding = 4; lastKnownFileType = sourcecode.swift; path = PokemonData.swift; sourceTree = "<group>"; };
		3D3CF78C22EDFA5300591A40 /* BaseCoreDataMapper.swift */ = {isa = PBXFileReference; fileEncoding = 4; lastKnownFileType = sourcecode.swift; path = BaseCoreDataMapper.swift; sourceTree = "<group>"; };
		3D3CF79422EE031000591A40 /* PokemonCoreDataMapper.swift */ = {isa = PBXFileReference; lastKnownFileType = sourcecode.swift; path = PokemonCoreDataMapper.swift; sourceTree = "<group>"; };
		3D3CF79622EE03C200591A40 /* PokemonTypeCoreDataMapper.swift */ = {isa = PBXFileReference; lastKnownFileType = sourcecode.swift; path = PokemonTypeCoreDataMapper.swift; sourceTree = "<group>"; };
		3D3CF79E22EE095D00591A40 /* AddPokemonToBackpackUseCase.swift */ = {isa = PBXFileReference; lastKnownFileType = sourcecode.swift; path = AddPokemonToBackpackUseCase.swift; sourceTree = "<group>"; };
		3D3CF79F22EE095D00591A40 /* AddPokemonToBackpackUseCaseImpl.swift */ = {isa = PBXFileReference; lastKnownFileType = sourcecode.swift; path = AddPokemonToBackpackUseCaseImpl.swift; sourceTree = "<group>"; };
		3D3CF7A222EE09D800591A40 /* PokemonDataRepositoryImpl.swift */ = {isa = PBXFileReference; lastKnownFileType = sourcecode.swift; path = PokemonDataRepositoryImpl.swift; sourceTree = "<group>"; };
		3D3CF7A322EE09D800591A40 /* PokemonDataRepository.swift */ = {isa = PBXFileReference; lastKnownFileType = sourcecode.swift; path = PokemonDataRepository.swift; sourceTree = "<group>"; };
		3D3CF7A822EE0AF400591A40 /* PokeCoreDataGateway.swift */ = {isa = PBXFileReference; lastKnownFileType = sourcecode.swift; path = PokeCoreDataGateway.swift; sourceTree = "<group>"; };
		3D3CF7A922EE0AF400591A40 /* PokeCoreDataServiceGateway.swift */ = {isa = PBXFileReference; lastKnownFileType = sourcecode.swift; path = PokeCoreDataServiceGateway.swift; sourceTree = "<group>"; };
		3D45042E22EC98560000F1BA /* JSONEncoder + Utils.swift */ = {isa = PBXFileReference; lastKnownFileType = sourcecode.swift; path = "JSONEncoder + Utils.swift"; sourceTree = "<group>"; };
		3D45043022EC99C10000F1BA /* JSONDecoder + Utils.swift */ = {isa = PBXFileReference; lastKnownFileType = sourcecode.swift; path = "JSONDecoder + Utils.swift"; sourceTree = "<group>"; };
		3D45043322ECA76F0000F1BA /* PokedexTabBarController.swift */ = {isa = PBXFileReference; lastKnownFileType = sourcecode.swift; path = PokedexTabBarController.swift; sourceTree = "<group>"; };
		3D45043622ECA9DB0000F1BA /* SearchPokemonViewController.swift */ = {isa = PBXFileReference; lastKnownFileType = sourcecode.swift; path = SearchPokemonViewController.swift; sourceTree = "<group>"; };
		3D45043722ECA9DB0000F1BA /* SearchPokemonViewModel.swift */ = {isa = PBXFileReference; lastKnownFileType = sourcecode.swift; path = SearchPokemonViewModel.swift; sourceTree = "<group>"; };
		3D45043822ECA9DB0000F1BA /* SearchPokemonViewController.xib */ = {isa = PBXFileReference; lastKnownFileType = file.xib; path = SearchPokemonViewController.xib; sourceTree = "<group>"; };
		3D6CB45022EA38D50039A140 /* PokeCodeTest.app */ = {isa = PBXFileReference; explicitFileType = wrapper.application; includeInIndex = 0; path = PokeCodeTest.app; sourceTree = BUILT_PRODUCTS_DIR; };
		3D6CB45322EA38D50039A140 /* AppDelegate.swift */ = {isa = PBXFileReference; lastKnownFileType = sourcecode.swift; path = AppDelegate.swift; sourceTree = "<group>"; };
		3D6CB45A22EA38D60039A140 /* Assets.xcassets */ = {isa = PBXFileReference; lastKnownFileType = folder.assetcatalog; path = Assets.xcassets; sourceTree = "<group>"; };
		3D6CB45D22EA38D60039A140 /* Base */ = {isa = PBXFileReference; lastKnownFileType = file.storyboard; name = Base; path = Base.lproj/LaunchScreen.storyboard; sourceTree = "<group>"; };
		3D6CB45F22EA38D60039A140 /* Info.plist */ = {isa = PBXFileReference; lastKnownFileType = text.plist.xml; path = Info.plist; sourceTree = "<group>"; };
		3D6CB46422EA38D60039A140 /* PokeCodeTestUITests.xctest */ = {isa = PBXFileReference; explicitFileType = wrapper.cfbundle; includeInIndex = 0; path = PokeCodeTestUITests.xctest; sourceTree = BUILT_PRODUCTS_DIR; };
		3D6CB46822EA38D60039A140 /* PokeCodeTestUITests.swift */ = {isa = PBXFileReference; lastKnownFileType = sourcecode.swift; path = PokeCodeTestUITests.swift; sourceTree = "<group>"; };
		3D6CB46A22EA38D60039A140 /* Info.plist */ = {isa = PBXFileReference; lastKnownFileType = text.plist.xml; path = Info.plist; sourceTree = "<group>"; };
		3D6CB47922EA3B210039A140 /* JSONLogger.swift */ = {isa = PBXFileReference; fileEncoding = 4; lastKnownFileType = sourcecode.swift; path = JSONLogger.swift; sourceTree = "<group>"; };
		3D6CB47B22EA3B210039A140 /* Roboto-Medium.ttf */ = {isa = PBXFileReference; lastKnownFileType = file; path = "Roboto-Medium.ttf"; sourceTree = "<group>"; };
		3D6CB47C22EA3B210039A140 /* Roboto-Light.ttf */ = {isa = PBXFileReference; lastKnownFileType = file; path = "Roboto-Light.ttf"; sourceTree = "<group>"; };
		3D6CB47D22EA3B210039A140 /* Roboto-Regular.ttf */ = {isa = PBXFileReference; lastKnownFileType = file; path = "Roboto-Regular.ttf"; sourceTree = "<group>"; };
		3D6CB47E22EA3B210039A140 /* Roboto-MediumItalic.ttf */ = {isa = PBXFileReference; lastKnownFileType = file; path = "Roboto-MediumItalic.ttf"; sourceTree = "<group>"; };
		3D6CB47F22EA3B210039A140 /* Roboto-ThinItalic.ttf */ = {isa = PBXFileReference; lastKnownFileType = file; path = "Roboto-ThinItalic.ttf"; sourceTree = "<group>"; };
		3D6CB48022EA3B210039A140 /* Roboto-BoldItalic.ttf */ = {isa = PBXFileReference; lastKnownFileType = file; path = "Roboto-BoldItalic.ttf"; sourceTree = "<group>"; };
		3D6CB48122EA3B210039A140 /* Roboto-LightItalic.ttf */ = {isa = PBXFileReference; lastKnownFileType = file; path = "Roboto-LightItalic.ttf"; sourceTree = "<group>"; };
		3D6CB48222EA3B210039A140 /* Roboto-Italic.ttf */ = {isa = PBXFileReference; lastKnownFileType = file; path = "Roboto-Italic.ttf"; sourceTree = "<group>"; };
		3D6CB48322EA3B210039A140 /* Roboto-BlackItalic.ttf */ = {isa = PBXFileReference; lastKnownFileType = file; path = "Roboto-BlackItalic.ttf"; sourceTree = "<group>"; };
		3D6CB48422EA3B210039A140 /* Roboto-Bold.ttf */ = {isa = PBXFileReference; lastKnownFileType = file; path = "Roboto-Bold.ttf"; sourceTree = "<group>"; };
		3D6CB48522EA3B210039A140 /* Roboto-Thin.ttf */ = {isa = PBXFileReference; lastKnownFileType = file; path = "Roboto-Thin.ttf"; sourceTree = "<group>"; };
		3D6CB48622EA3B210039A140 /* Roboto-Black.ttf */ = {isa = PBXFileReference; lastKnownFileType = file; path = "Roboto-Black.ttf"; sourceTree = "<group>"; };
		3D6CB48822EA3B210039A140 /* BaseWireframe.swift */ = {isa = PBXFileReference; fileEncoding = 4; lastKnownFileType = sourcecode.swift; path = BaseWireframe.swift; sourceTree = "<group>"; };
		3D6CB48922EA3B210039A140 /* BaseViewController.swift */ = {isa = PBXFileReference; fileEncoding = 4; lastKnownFileType = sourcecode.swift; path = BaseViewController.swift; sourceTree = "<group>"; };
		3D6CB48A22EA3B210039A140 /* BaseComponentView.swift */ = {isa = PBXFileReference; fileEncoding = 4; lastKnownFileType = sourcecode.swift; path = BaseComponentView.swift; sourceTree = "<group>"; };
		3D6CB48B22EA3B210039A140 /* BaseViewModel.swift */ = {isa = PBXFileReference; fileEncoding = 4; lastKnownFileType = sourcecode.swift; path = BaseViewModel.swift; sourceTree = "<group>"; };
		3D6CB48E22EA3B210039A140 /* Wireframe.swift */ = {isa = PBXFileReference; fileEncoding = 4; lastKnownFileType = sourcecode.swift; path = Wireframe.swift; sourceTree = "<group>"; };
		3D6CB48F22EA3B210039A140 /* BaseViewControllerDelegate.swift */ = {isa = PBXFileReference; fileEncoding = 4; lastKnownFileType = sourcecode.swift; path = BaseViewControllerDelegate.swift; sourceTree = "<group>"; };
		3D6CB49022EA3B210039A140 /* Reusable.swift */ = {isa = PBXFileReference; fileEncoding = 4; lastKnownFileType = sourcecode.swift; path = Reusable.swift; sourceTree = "<group>"; };
		3D6CB49122EA3B210039A140 /* BaseCell.swift */ = {isa = PBXFileReference; fileEncoding = 4; lastKnownFileType = sourcecode.swift; path = BaseCell.swift; sourceTree = "<group>"; };
		3D6CB49322EA3B210039A140 /* UINavigationBar+Utilities.swift */ = {isa = PBXFileReference; fileEncoding = 4; lastKnownFileType = sourcecode.swift; path = "UINavigationBar+Utilities.swift"; sourceTree = "<group>"; };
		3D6CB49422EA3B210039A140 /* RxSwift+Utils.swift */ = {isa = PBXFileReference; fileEncoding = 4; lastKnownFileType = sourcecode.swift; path = "RxSwift+Utils.swift"; sourceTree = "<group>"; };
		3D6CB49522EA3B210039A140 /* String+Localized.swift */ = {isa = PBXFileReference; fileEncoding = 4; lastKnownFileType = sourcecode.swift; path = "String+Localized.swift"; sourceTree = "<group>"; };
		3D6CB49622EA3B210039A140 /* UIImageView+Maps.swift */ = {isa = PBXFileReference; fileEncoding = 4; lastKnownFileType = sourcecode.swift; path = "UIImageView+Maps.swift"; sourceTree = "<group>"; };
		3D6CB49722EA3B210039A140 /* UITableViewCell+Reusable.swift .swift */ = {isa = PBXFileReference; fileEncoding = 4; lastKnownFileType = sourcecode.swift; path = "UITableViewCell+Reusable.swift .swift"; sourceTree = "<group>"; };
		3D6CB49822EA3B210039A140 /* Error+Utils.swift */ = {isa = PBXFileReference; fileEncoding = 4; lastKnownFileType = sourcecode.swift; path = "Error+Utils.swift"; sourceTree = "<group>"; };
		3D6CB49A22EA3B210039A140 /* UITableView+Utilities.swift */ = {isa = PBXFileReference; fileEncoding = 4; lastKnownFileType = sourcecode.swift; path = "UITableView+Utilities.swift"; sourceTree = "<group>"; };
		3D6CB49B22EA3B210039A140 /* UIColor+Colorize.swift */ = {isa = PBXFileReference; fileEncoding = 4; lastKnownFileType = sourcecode.swift; path = "UIColor+Colorize.swift"; sourceTree = "<group>"; };
		3D6CB49C22EA3B210039A140 /* Action+Utils.swift */ = {isa = PBXFileReference; fileEncoding = 4; lastKnownFileType = sourcecode.swift; path = "Action+Utils.swift"; sourceTree = "<group>"; };
		3D6CB49D22EA3B210039A140 /* Array+Utils.swift */ = {isa = PBXFileReference; fileEncoding = 4; lastKnownFileType = sourcecode.swift; path = "Array+Utils.swift"; sourceTree = "<group>"; };
		3D6CB49E22EA3B210039A140 /* UILabel+Utilities.swift */ = {isa = PBXFileReference; fileEncoding = 4; lastKnownFileType = sourcecode.swift; path = "UILabel+Utilities.swift"; sourceTree = "<group>"; };
		3D6CB49F22EA3B210039A140 /* UIButton+Utilities.swift */ = {isa = PBXFileReference; fileEncoding = 4; lastKnownFileType = sourcecode.swift; path = "UIButton+Utilities.swift"; sourceTree = "<group>"; };
		3D6CB4A022EA3B210039A140 /* UIViewController+Utils.swift */ = {isa = PBXFileReference; fileEncoding = 4; lastKnownFileType = sourcecode.swift; path = "UIViewController+Utils.swift"; sourceTree = "<group>"; };
		3D6CB4A122EA3B210039A140 /* UITableViewCell+BaseViewModel.swift */ = {isa = PBXFileReference; fileEncoding = 4; lastKnownFileType = sourcecode.swift; path = "UITableViewCell+BaseViewModel.swift"; sourceTree = "<group>"; };
		3D6CB4A222EA3B210039A140 /* Stylized.swift */ = {isa = PBXFileReference; fileEncoding = 4; lastKnownFileType = sourcecode.swift; path = Stylized.swift; sourceTree = "<group>"; };
		3D6CB4A322EA3B210039A140 /* UIView+ProgressHUD.swift */ = {isa = PBXFileReference; fileEncoding = 4; lastKnownFileType = sourcecode.swift; path = "UIView+ProgressHUD.swift"; sourceTree = "<group>"; };
		3D6CB4A422EA3B210039A140 /* UIImage+Utilities.swift */ = {isa = PBXFileReference; fileEncoding = 4; lastKnownFileType = sourcecode.swift; path = "UIImage+Utilities.swift"; sourceTree = "<group>"; };
		3D6CB4A522EA3B210039A140 /* UIView+utilities.swift */ = {isa = PBXFileReference; fileEncoding = 4; lastKnownFileType = sourcecode.swift; path = "UIView+utilities.swift"; sourceTree = "<group>"; };
		3D6CB4A622EA3B210039A140 /* Double+Utils.swift */ = {isa = PBXFileReference; fileEncoding = 4; lastKnownFileType = sourcecode.swift; path = "Double+Utils.swift"; sourceTree = "<group>"; };
		3D6CB4A722EA3B210039A140 /* String+Utils.swift */ = {isa = PBXFileReference; fileEncoding = 4; lastKnownFileType = sourcecode.swift; path = "String+Utils.swift"; sourceTree = "<group>"; };
		3D6CB4A822EA3B210039A140 /* Date+Utils.swift */ = {isa = PBXFileReference; fileEncoding = 4; lastKnownFileType = sourcecode.swift; path = "Date+Utils.swift"; sourceTree = "<group>"; };
		3D6CB4AA22EA3B210039A140 /* Translator.swift */ = {isa = PBXFileReference; fileEncoding = 4; lastKnownFileType = sourcecode.swift; path = Translator.swift; sourceTree = "<group>"; };
		3D6CB4AC22EA3B210039A140 /* Theme.swift */ = {isa = PBXFileReference; fileEncoding = 4; lastKnownFileType = sourcecode.swift; path = Theme.swift; sourceTree = "<group>"; };
		3D6CB4AE22EA3B210039A140 /* Constants.swift */ = {isa = PBXFileReference; fileEncoding = 4; lastKnownFileType = sourcecode.swift; path = Constants.swift; sourceTree = "<group>"; };
		3D6CB4E222EA3EC70039A140 /* NetworkError.swift */ = {isa = PBXFileReference; fileEncoding = 4; lastKnownFileType = sourcecode.swift; path = NetworkError.swift; sourceTree = "<group>"; };
		3DE3193A22EB6043006A0CB1 /* NetworkConstants.swift */ = {isa = PBXFileReference; fileEncoding = 4; lastKnownFileType = sourcecode.swift; path = NetworkConstants.swift; sourceTree = "<group>"; };
		3DE3193F22EB62B8006A0CB1 /* UpperBannerView.xib */ = {isa = PBXFileReference; fileEncoding = 4; lastKnownFileType = file.xib; path = UpperBannerView.xib; sourceTree = "<group>"; };
		3DE3194022EB62B8006A0CB1 /* UpperBannerView.swift */ = {isa = PBXFileReference; fileEncoding = 4; lastKnownFileType = sourcecode.swift; path = UpperBannerView.swift; sourceTree = "<group>"; };
		3DE3194122EB62B8006A0CB1 /* UpperBannerViewModel.swift */ = {isa = PBXFileReference; fileEncoding = 4; lastKnownFileType = sourcecode.swift; path = UpperBannerViewModel.swift; sourceTree = "<group>"; };
		3DE3194622EB634A006A0CB1 /* BackgroundView.xib */ = {isa = PBXFileReference; fileEncoding = 4; lastKnownFileType = file.xib; path = BackgroundView.xib; sourceTree = "<group>"; };
		3DE3194722EB634A006A0CB1 /* BackgroundView.swift */ = {isa = PBXFileReference; fileEncoding = 4; lastKnownFileType = sourcecode.swift; path = BackgroundView.swift; sourceTree = "<group>"; };
		3DE3194822EB634A006A0CB1 /* BackgroundViewModel.swift */ = {isa = PBXFileReference; fileEncoding = 4; lastKnownFileType = sourcecode.swift; path = BackgroundViewModel.swift; sourceTree = "<group>"; };
		3DE3194C22EB6837006A0CB1 /* Int + Utils.swift */ = {isa = PBXFileReference; lastKnownFileType = sourcecode.swift; path = "Int + Utils.swift"; sourceTree = "<group>"; };
		3DE3194F22EB6BBE006A0CB1 /* Network.swift */ = {isa = PBXFileReference; fileEncoding = 4; lastKnownFileType = sourcecode.swift; path = Network.swift; sourceTree = "<group>"; };
		3DE3195122EB6C37006A0CB1 /* NetworkHeadersAdapter.swift */ = {isa = PBXFileReference; fileEncoding = 4; lastKnownFileType = sourcecode.swift; path = NetworkHeadersAdapter.swift; sourceTree = "<group>"; };
		3DE3195222EB6C37006A0CB1 /* NetworkRequest.swift */ = {isa = PBXFileReference; fileEncoding = 4; lastKnownFileType = sourcecode.swift; path = NetworkRequest.swift; sourceTree = "<group>"; };
		3DE3195522EB6CBE006A0CB1 /* ArrayEncoding.swift */ = {isa = PBXFileReference; fileEncoding = 4; lastKnownFileType = sourcecode.swift; path = ArrayEncoding.swift; sourceTree = "<group>"; };
		3DE3195722EB6D83006A0CB1 /* NetworkProxy.swift */ = {isa = PBXFileReference; fileEncoding = 4; lastKnownFileType = sourcecode.swift; path = NetworkProxy.swift; sourceTree = "<group>"; };
		3DE3195D22EB6FE3006A0CB1 /* PokeapiGateway.swift */ = {isa = PBXFileReference; lastKnownFileType = sourcecode.swift; path = PokeapiGateway.swift; sourceTree = "<group>"; };
		3DE3195E22EB6FE3006A0CB1 /* PokeapiServiceGateway.swift */ = {isa = PBXFileReference; lastKnownFileType = sourcecode.swift; path = PokeapiServiceGateway.swift; sourceTree = "<group>"; };
		3DE3195F22EB6FE3006A0CB1 /* PokeapiService.swift */ = {isa = PBXFileReference; lastKnownFileType = sourcecode.swift; path = PokeapiService.swift; sourceTree = "<group>"; };
		3DE3196522EB70B8006A0CB1 /* PokemonEntityDataMapper.swift */ = {isa = PBXFileReference; lastKnownFileType = sourcecode.swift; path = PokemonEntityDataMapper.swift; sourceTree = "<group>"; };
		3DE3196622EB70B8006A0CB1 /* PokemonModel.swift */ = {isa = PBXFileReference; lastKnownFileType = sourcecode.swift; path = PokemonModel.swift; sourceTree = "<group>"; };
		3DE3196722EB70B8006A0CB1 /* Pokemon.swift */ = {isa = PBXFileReference; lastKnownFileType = sourcecode.swift; path = Pokemon.swift; sourceTree = "<group>"; };
		3DE3196822EB70B8006A0CB1 /* PokemonModelDataMapper.swift */ = {isa = PBXFileReference; lastKnownFileType = sourcecode.swift; path = PokemonModelDataMapper.swift; sourceTree = "<group>"; };
		3DE3196922EB70B8006A0CB1 /* PokemonEntity.swift */ = {isa = PBXFileReference; lastKnownFileType = sourcecode.swift; path = PokemonEntity.swift; sourceTree = "<group>"; };
		3DE3197322EB72C3006A0CB1 /* PokemonTypeEntityDataMapper.swift */ = {isa = PBXFileReference; lastKnownFileType = sourcecode.swift; path = PokemonTypeEntityDataMapper.swift; sourceTree = "<group>"; };
		3DE3197422EB72C3006A0CB1 /* PokemonTypeModel.swift */ = {isa = PBXFileReference; lastKnownFileType = sourcecode.swift; path = PokemonTypeModel.swift; sourceTree = "<group>"; };
		3DE3197522EB72C3006A0CB1 /* PokemonType.swift */ = {isa = PBXFileReference; lastKnownFileType = sourcecode.swift; path = PokemonType.swift; sourceTree = "<group>"; };
		3DE3197622EB72C3006A0CB1 /* PokemonTypeModelDataMapper.swift */ = {isa = PBXFileReference; lastKnownFileType = sourcecode.swift; path = PokemonTypeModelDataMapper.swift; sourceTree = "<group>"; };
		3DE3197722EB72C3006A0CB1 /* PokemonTypeEntity.swift */ = {isa = PBXFileReference; lastKnownFileType = sourcecode.swift; path = PokemonTypeEntity.swift; sourceTree = "<group>"; };
		3DE3197D22EB7975006A0CB1 /* BaseEntityDataMapper.swift */ = {isa = PBXFileReference; fileEncoding = 4; lastKnownFileType = sourcecode.swift; path = BaseEntityDataMapper.swift; sourceTree = "<group>"; };
		3DE3197F22EB7CFB006A0CB1 /* BaseModelDataMapper.swift */ = {isa = PBXFileReference; fileEncoding = 4; lastKnownFileType = sourcecode.swift; path = BaseModelDataMapper.swift; sourceTree = "<group>"; };
		3DE3198822EB82A4006A0CB1 /* PokemonRepositoryImpl.swift */ = {isa = PBXFileReference; lastKnownFileType = sourcecode.swift; path = PokemonRepositoryImpl.swift; sourceTree = "<group>"; };
		3DE3198922EB82A4006A0CB1 /* PokemonRepository.swift */ = {isa = PBXFileReference; lastKnownFileType = sourcecode.swift; path = PokemonRepository.swift; sourceTree = "<group>"; };
		3DE3198D22EB84D4006A0CB1 /* BaseUseCaseImpl.swift */ = {isa = PBXFileReference; fileEncoding = 4; lastKnownFileType = sourcecode.swift; path = BaseUseCaseImpl.swift; sourceTree = "<group>"; };
		3DE3198F22EB8518006A0CB1 /* SearchPokemonUseCase.swift */ = {isa = PBXFileReference; lastKnownFileType = sourcecode.swift; path = SearchPokemonUseCase.swift; sourceTree = "<group>"; };
		3DE3199022EB8518006A0CB1 /* SearchPokemonUseCaseImpl.swift */ = {isa = PBXFileReference; lastKnownFileType = sourcecode.swift; path = SearchPokemonUseCaseImpl.swift; sourceTree = "<group>"; };
		78A9B5B966F1CC31A64338BF /* Pods-PokeCodeTestUITests.release.xcconfig */ = {isa = PBXFileReference; includeInIndex = 1; lastKnownFileType = text.xcconfig; name = "Pods-PokeCodeTestUITests.release.xcconfig"; path = "Pods/Target Support Files/Pods-PokeCodeTestUITests/Pods-PokeCodeTestUITests.release.xcconfig"; sourceTree = "<group>"; };
		86A097A792CF9733E757F87E /* Pods_PokeCodeTestUITests.framework */ = {isa = PBXFileReference; explicitFileType = wrapper.framework; includeInIndex = 0; path = Pods_PokeCodeTestUITests.framework; sourceTree = BUILT_PRODUCTS_DIR; };
		9D5CC1314CCF260D8C883B3B /* Pods-PokeCodeTestUITests.debug.xcconfig */ = {isa = PBXFileReference; includeInIndex = 1; lastKnownFileType = text.xcconfig; name = "Pods-PokeCodeTestUITests.debug.xcconfig"; path = "Pods/Target Support Files/Pods-PokeCodeTestUITests/Pods-PokeCodeTestUITests.debug.xcconfig"; sourceTree = "<group>"; };
		C0BCF1D54B0BADAD312D4D18 /* Pods-PokeCodeTest.debug.xcconfig */ = {isa = PBXFileReference; includeInIndex = 1; lastKnownFileType = text.xcconfig; name = "Pods-PokeCodeTest.debug.xcconfig"; path = "Pods/Target Support Files/Pods-PokeCodeTest/Pods-PokeCodeTest.debug.xcconfig"; sourceTree = "<group>"; };
		EBF390350684C5A5A8E275EE /* Pods-PokeCodeTest.release.xcconfig */ = {isa = PBXFileReference; includeInIndex = 1; lastKnownFileType = text.xcconfig; name = "Pods-PokeCodeTest.release.xcconfig"; path = "Pods/Target Support Files/Pods-PokeCodeTest/Pods-PokeCodeTest.release.xcconfig"; sourceTree = "<group>"; };
/* End PBXFileReference section */

/* Begin PBXFrameworksBuildPhase section */
		3D6CB44D22EA38D50039A140 /* Frameworks */ = {
			isa = PBXFrameworksBuildPhase;
			buildActionMask = 2147483647;
			files = (
				6D51403BF20689DB06FA4FC7 /* Pods_PokeCodeTest.framework in Frameworks */,
			);
			runOnlyForDeploymentPostprocessing = 0;
		};
		3D6CB46122EA38D60039A140 /* Frameworks */ = {
			isa = PBXFrameworksBuildPhase;
			buildActionMask = 2147483647;
			files = (
				A165C80A6262EDBB10290DA4 /* Pods_PokeCodeTestUITests.framework in Frameworks */,
			);
			runOnlyForDeploymentPostprocessing = 0;
		};
/* End PBXFrameworksBuildPhase section */

/* Begin PBXGroup section */
		26E057ADE8871CB4BB51BDFE /* Frameworks */ = {
			isa = PBXGroup;
			children = (
				0E825019626A6EE71A798707 /* Pods_PokeCodeTest.framework */,
				86A097A792CF9733E757F87E /* Pods_PokeCodeTestUITests.framework */,
			);
			name = Frameworks;
			sourceTree = "<group>";
		};
		2A5A733186AA30AA82000F0C /* Pods */ = {
			isa = PBXGroup;
			children = (
				C0BCF1D54B0BADAD312D4D18 /* Pods-PokeCodeTest.debug.xcconfig */,
				EBF390350684C5A5A8E275EE /* Pods-PokeCodeTest.release.xcconfig */,
				9D5CC1314CCF260D8C883B3B /* Pods-PokeCodeTestUITests.debug.xcconfig */,
				78A9B5B966F1CC31A64338BF /* Pods-PokeCodeTestUITests.release.xcconfig */,
			);
			name = Pods;
			sourceTree = "<group>";
		};
		3D3CF77722EDB91400591A40 /* Core Data */ = {
			isa = PBXGroup;
			children = (
				3D3CF7A622EE0ABA00591A40 /* Gateway */,
				3D3CF77822EDB92F00591A40 /* Base */,
				3D3CF77D22EDBA8800591A40 /* Model */,
			);
			path = "Core Data";
			sourceTree = "<group>";
		};
		3D3CF77822EDB92F00591A40 /* Base */ = {
			isa = PBXGroup;
			children = (
				3D3CF77922EDB97E00591A40 /* CoreDataError.swift */,
				3D3CF77A22EDB97E00591A40 /* DATAStack.swift */,
			);
			path = Base;
			sourceTree = "<group>";
		};
		3D3CF77D22EDBA8800591A40 /* Model */ = {
			isa = PBXGroup;
			children = (
				3D3CF77E22EDBABA00591A40 /* PokeCodeTest.xcdatamodeld */,
				3D3CF78922EDF2AE00591A40 /* PokemonData.swift */,
				3D3CF78822EDF2AE00591A40 /* PokemonTypeData.swift */,
				3D3CF78122EDF0A300591A40 /* Machine Files */,
				3D3CF78322EDF0B900591A40 /* Mapper */,
			);
			path = Model;
			sourceTree = "<group>";
		};
		3D3CF78122EDF0A300591A40 /* Machine Files */ = {
			isa = PBXGroup;
			children = (
				3D3CF78422EDF2A100591A40 /* _PokemonData.swift */,
				3D3CF78522EDF2A100591A40 /* _PokemonTypeData.swift */,
			);
			path = "Machine Files";
			sourceTree = "<group>";
		};
		3D3CF78322EDF0B900591A40 /* Mapper */ = {
			isa = PBXGroup;
			children = (
				3D3CF78C22EDFA5300591A40 /* BaseCoreDataMapper.swift */,
				3D3CF79422EE031000591A40 /* PokemonCoreDataMapper.swift */,
				3D3CF79622EE03C200591A40 /* PokemonTypeCoreDataMapper.swift */,
			);
			path = Mapper;
			sourceTree = "<group>";
		};
		3D3CF7A622EE0ABA00591A40 /* Gateway */ = {
			isa = PBXGroup;
			children = (
				3D3CF7A822EE0AF400591A40 /* PokeCoreDataGateway.swift */,
				3D3CF7A722EE0ACD00591A40 /* Implementation */,
			);
			path = Gateway;
			sourceTree = "<group>";
		};
		3D3CF7A722EE0ACD00591A40 /* Implementation */ = {
			isa = PBXGroup;
			children = (
				3D3CF7A922EE0AF400591A40 /* PokeCoreDataServiceGateway.swift */,
			);
			path = Implementation;
			sourceTree = "<group>";
		};
		3D45043222ECA74D0000F1BA /* Pokemon Tab Bar */ = {
			isa = PBXGroup;
			children = (
				3D45043322ECA76F0000F1BA /* PokedexTabBarController.swift */,
			);
			path = "Pokemon Tab Bar";
			sourceTree = "<group>";
		};
		3D45043522ECA9AF0000F1BA /* Search Pokemon */ = {
			isa = PBXGroup;
			children = (
				3D45043622ECA9DB0000F1BA /* SearchPokemonViewController.swift */,
				3D45043722ECA9DB0000F1BA /* SearchPokemonViewModel.swift */,
				3D45043822ECA9DB0000F1BA /* SearchPokemonViewController.xib */,
			);
			path = "Search Pokemon";
			sourceTree = "<group>";
		};
		3D6CB44722EA38D50039A140 = {
			isa = PBXGroup;
			children = (
				3D6CB45222EA38D50039A140 /* PokeCodeTest */,
				3D6CB46722EA38D60039A140 /* PokeCodeTestUITests */,
				3D6CB45122EA38D50039A140 /* Products */,
				2A5A733186AA30AA82000F0C /* Pods */,
				26E057ADE8871CB4BB51BDFE /* Frameworks */,
			);
			sourceTree = "<group>";
		};
		3D6CB45122EA38D50039A140 /* Products */ = {
			isa = PBXGroup;
			children = (
				3D6CB45022EA38D50039A140 /* PokeCodeTest.app */,
				3D6CB46422EA38D60039A140 /* PokeCodeTestUITests.xctest */,
			);
			name = Products;
			sourceTree = "<group>";
		};
		3D6CB45222EA38D50039A140 /* PokeCodeTest */ = {
			isa = PBXGroup;
			children = (
				3D6CB45322EA38D50039A140 /* AppDelegate.swift */,
				3D6CB47422EA3A080039A140 /* App */,
				3D6CB47522EA3A0F0039A140 /* Domain */,
				3D6CB47622EA3A150039A140 /* Data */,
				3D6CB47322EA39FE0039A140 /* Core */,
			);
			path = PokeCodeTest;
			sourceTree = "<group>";
		};
		3D6CB46722EA38D60039A140 /* PokeCodeTestUITests */ = {
			isa = PBXGroup;
			children = (
				3D6CB46822EA38D60039A140 /* PokeCodeTestUITests.swift */,
				3D6CB46A22EA38D60039A140 /* Info.plist */,
			);
			path = PokeCodeTestUITests;
			sourceTree = "<group>";
		};
		3D6CB47322EA39FE0039A140 /* Core */ = {
			isa = PBXGroup;
			children = (
				3D6CB48722EA3B210039A140 /* Base */,
				3D6CB4AD22EA3B210039A140 /* Constants */,
				3D6CB49222EA3B210039A140 /* Extensions */,
				3D6CB47A22EA3B210039A140 /* Fonts */,
				3D6CB47822EA3B210039A140 /* JSONLogger */,
				3D6CB48D22EA3B210039A140 /* Protocols */,
				3D6CB4AB22EA3B210039A140 /* Theme */,
				3D6CB4A922EA3B210039A140 /* Translator */,
			);
			path = Core;
			sourceTree = "<group>";
		};
		3D6CB47422EA3A080039A140 /* App */ = {
			isa = PBXGroup;
			children = (
				3DE3193C22EB6288006A0CB1 /* UI */,
				3DE3197122EB710C006A0CB1 /* Model */,
				3D6CB47722EA3A260039A140 /* Supporting Files */,
			);
			path = App;
			sourceTree = "<group>";
		};
		3D6CB47522EA3A0F0039A140 /* Domain */ = {
			isa = PBXGroup;
			children = (
				3DE3198722EB8273006A0CB1 /* Repositories */,
				3DE3198122EB81F2006A0CB1 /* Use Cases */,
				3DE3197022EB70E9006A0CB1 /* Entities */,
			);
			path = Domain;
			sourceTree = "<group>";
		};
		3D6CB47622EA3A150039A140 /* Data */ = {
			isa = PBXGroup;
			children = (
				3D3CF77722EDB91400591A40 /* Core Data */,
				3DE3198C22EB82B3006A0CB1 /* Repositories */,
				3DE3195922EB6DDD006A0CB1 /* Entities */,
				3D6CB4DE22EA3E2F0039A140 /* Network */,
			);
			path = Data;
			sourceTree = "<group>";
		};
		3D6CB47722EA3A260039A140 /* Supporting Files */ = {
			isa = PBXGroup;
			children = (
				3D6CB45A22EA38D60039A140 /* Assets.xcassets */,
				3D6CB45C22EA38D60039A140 /* LaunchScreen.storyboard */,
				3D6CB45F22EA38D60039A140 /* Info.plist */,
			);
			path = "Supporting Files";
			sourceTree = "<group>";
		};
		3D6CB47822EA3B210039A140 /* JSONLogger */ = {
			isa = PBXGroup;
			children = (
				3D6CB47922EA3B210039A140 /* JSONLogger.swift */,
			);
			path = JSONLogger;
			sourceTree = "<group>";
		};
		3D6CB47A22EA3B210039A140 /* Fonts */ = {
			isa = PBXGroup;
			children = (
				3D6CB47B22EA3B210039A140 /* Roboto-Medium.ttf */,
				3D6CB47C22EA3B210039A140 /* Roboto-Light.ttf */,
				3D6CB47D22EA3B210039A140 /* Roboto-Regular.ttf */,
				3D6CB47E22EA3B210039A140 /* Roboto-MediumItalic.ttf */,
				3D6CB47F22EA3B210039A140 /* Roboto-ThinItalic.ttf */,
				3D6CB48022EA3B210039A140 /* Roboto-BoldItalic.ttf */,
				3D6CB48122EA3B210039A140 /* Roboto-LightItalic.ttf */,
				3D6CB48222EA3B210039A140 /* Roboto-Italic.ttf */,
				3D6CB48322EA3B210039A140 /* Roboto-BlackItalic.ttf */,
				3D6CB48422EA3B210039A140 /* Roboto-Bold.ttf */,
				3D6CB48522EA3B210039A140 /* Roboto-Thin.ttf */,
				3D6CB48622EA3B210039A140 /* Roboto-Black.ttf */,
			);
			path = Fonts;
			sourceTree = "<group>";
		};
		3D6CB48722EA3B210039A140 /* Base */ = {
			isa = PBXGroup;
			children = (
				3D6CB48822EA3B210039A140 /* BaseWireframe.swift */,
				3D6CB48922EA3B210039A140 /* BaseViewController.swift */,
				3D6CB48A22EA3B210039A140 /* BaseComponentView.swift */,
				3D6CB48B22EA3B210039A140 /* BaseViewModel.swift */,
			);
			path = Base;
			sourceTree = "<group>";
		};
		3D6CB48D22EA3B210039A140 /* Protocols */ = {
			isa = PBXGroup;
			children = (
				3D6CB48E22EA3B210039A140 /* Wireframe.swift */,
				3D6CB48F22EA3B210039A140 /* BaseViewControllerDelegate.swift */,
				3D6CB49022EA3B210039A140 /* Reusable.swift */,
				3D6CB49122EA3B210039A140 /* BaseCell.swift */,
			);
			path = Protocols;
			sourceTree = "<group>";
		};
		3D6CB49222EA3B210039A140 /* Extensions */ = {
			isa = PBXGroup;
			children = (
				3D6CB49322EA3B210039A140 /* UINavigationBar+Utilities.swift */,
				3D6CB49422EA3B210039A140 /* RxSwift+Utils.swift */,
				3D6CB49522EA3B210039A140 /* String+Localized.swift */,
				3D6CB49622EA3B210039A140 /* UIImageView+Maps.swift */,
				3D6CB49722EA3B210039A140 /* UITableViewCell+Reusable.swift .swift */,
				3D6CB49822EA3B210039A140 /* Error+Utils.swift */,
				3D6CB49A22EA3B210039A140 /* UITableView+Utilities.swift */,
				3D6CB49B22EA3B210039A140 /* UIColor+Colorize.swift */,
				3D6CB49C22EA3B210039A140 /* Action+Utils.swift */,
				3D6CB49D22EA3B210039A140 /* Array+Utils.swift */,
				3D6CB49E22EA3B210039A140 /* UILabel+Utilities.swift */,
				3D6CB49F22EA3B210039A140 /* UIButton+Utilities.swift */,
				3D6CB4A022EA3B210039A140 /* UIViewController+Utils.swift */,
				3D6CB4A122EA3B210039A140 /* UITableViewCell+BaseViewModel.swift */,
				3D6CB4A222EA3B210039A140 /* Stylized.swift */,
				3D6CB4A322EA3B210039A140 /* UIView+ProgressHUD.swift */,
				3D6CB4A422EA3B210039A140 /* UIImage+Utilities.swift */,
				3D6CB4A522EA3B210039A140 /* UIView+utilities.swift */,
				3D6CB4A622EA3B210039A140 /* Double+Utils.swift */,
				3D6CB4A722EA3B210039A140 /* String+Utils.swift */,
				3D6CB4A822EA3B210039A140 /* Date+Utils.swift */,
				3DE3194C22EB6837006A0CB1 /* Int + Utils.swift */,
				3D45042E22EC98560000F1BA /* JSONEncoder + Utils.swift */,
				3D45043022EC99C10000F1BA /* JSONDecoder + Utils.swift */,
			);
			path = Extensions;
			sourceTree = "<group>";
		};
		3D6CB4A922EA3B210039A140 /* Translator */ = {
			isa = PBXGroup;
			children = (
				3D6CB4AA22EA3B210039A140 /* Translator.swift */,
			);
			path = Translator;
			sourceTree = "<group>";
		};
		3D6CB4AB22EA3B210039A140 /* Theme */ = {
			isa = PBXGroup;
			children = (
				3D6CB4AC22EA3B210039A140 /* Theme.swift */,
			);
			path = Theme;
			sourceTree = "<group>";
		};
		3D6CB4AD22EA3B210039A140 /* Constants */ = {
			isa = PBXGroup;
			children = (
				3D6CB4AE22EA3B210039A140 /* Constants.swift */,
			);
			path = Constants;
			sourceTree = "<group>";
		};
		3D6CB4DE22EA3E2F0039A140 /* Network */ = {
			isa = PBXGroup;
			children = (
				3D6CB4DF22EA3E3F0039A140 /* Base */,
				3DE3195C22EB6F8D006A0CB1 /* Gateway */,
				3DE3196322EB7003006A0CB1 /* Services */,
			);
			path = Network;
			sourceTree = "<group>";
		};
		3D6CB4DF22EA3E3F0039A140 /* Base */ = {
			isa = PBXGroup;
			children = (
				3DE3195522EB6CBE006A0CB1 /* ArrayEncoding.swift */,
				3DE3194F22EB6BBE006A0CB1 /* Network.swift */,
				3DE3193A22EB6043006A0CB1 /* NetworkConstants.swift */,
				3D6CB4E222EA3EC70039A140 /* NetworkError.swift */,
				3DE3195122EB6C37006A0CB1 /* NetworkHeadersAdapter.swift */,
				3DE3195722EB6D83006A0CB1 /* NetworkProxy.swift */,
				3DE3195222EB6C37006A0CB1 /* NetworkRequest.swift */,
			);
			path = Base;
			sourceTree = "<group>";
		};
		3DE3193C22EB6288006A0CB1 /* UI */ = {
			isa = PBXGroup;
			children = (
				3D45043522ECA9AF0000F1BA /* Search Pokemon */,
				3D45043222ECA74D0000F1BA /* Pokemon Tab Bar */,
				3DE3193D22EB6292006A0CB1 /* ReusableViews */,
			);
			path = UI;
			sourceTree = "<group>";
		};
		3DE3193D22EB6292006A0CB1 /* ReusableViews */ = {
			isa = PBXGroup;
			children = (
				3DE3194522EB634A006A0CB1 /* Background View */,
				3DE3193E22EB62B8006A0CB1 /* UpperBannerView */,
			);
			path = ReusableViews;
			sourceTree = "<group>";
		};
		3DE3193E22EB62B8006A0CB1 /* UpperBannerView */ = {
			isa = PBXGroup;
			children = (
				3DE3194022EB62B8006A0CB1 /* UpperBannerView.swift */,
				3DE3194122EB62B8006A0CB1 /* UpperBannerViewModel.swift */,
				3DE3193F22EB62B8006A0CB1 /* UpperBannerView.xib */,
			);
			path = UpperBannerView;
			sourceTree = "<group>";
		};
		3DE3194522EB634A006A0CB1 /* Background View */ = {
			isa = PBXGroup;
			children = (
				3DE3194722EB634A006A0CB1 /* BackgroundView.swift */,
				3DE3194822EB634A006A0CB1 /* BackgroundViewModel.swift */,
				3DE3194622EB634A006A0CB1 /* BackgroundView.xib */,
			);
			path = "Background View";
			sourceTree = "<group>";
		};
		3DE3195922EB6DDD006A0CB1 /* Entities */ = {
			isa = PBXGroup;
			children = (
				3DE3196922EB70B8006A0CB1 /* PokemonEntity.swift */,
				3DE3197722EB72C3006A0CB1 /* PokemonTypeEntity.swift */,
				3DE3196F22EB70C8006A0CB1 /* Mappers */,
			);
			path = Entities;
			sourceTree = "<group>";
		};
		3DE3195C22EB6F8D006A0CB1 /* Gateway */ = {
			isa = PBXGroup;
			children = (
				3DE3195D22EB6FE3006A0CB1 /* PokeapiGateway.swift */,
				3DE3196422EB7014006A0CB1 /* Implementation */,
			);
			path = Gateway;
			sourceTree = "<group>";
		};
		3DE3196322EB7003006A0CB1 /* Services */ = {
			isa = PBXGroup;
			children = (
				3DE3195F22EB6FE3006A0CB1 /* PokeapiService.swift */,
			);
			path = Services;
			sourceTree = "<group>";
		};
		3DE3196422EB7014006A0CB1 /* Implementation */ = {
			isa = PBXGroup;
			children = (
				3DE3195E22EB6FE3006A0CB1 /* PokeapiServiceGateway.swift */,
			);
			path = Implementation;
			sourceTree = "<group>";
		};
		3DE3196F22EB70C8006A0CB1 /* Mappers */ = {
			isa = PBXGroup;
			children = (
				3DE3197D22EB7975006A0CB1 /* BaseEntityDataMapper.swift */,
				3DE3196522EB70B8006A0CB1 /* PokemonEntityDataMapper.swift */,
				3DE3197322EB72C3006A0CB1 /* PokemonTypeEntityDataMapper.swift */,
			);
			path = Mappers;
			sourceTree = "<group>";
		};
		3DE3197022EB70E9006A0CB1 /* Entities */ = {
			isa = PBXGroup;
			children = (
				3DE3196722EB70B8006A0CB1 /* Pokemon.swift */,
				3DE3197522EB72C3006A0CB1 /* PokemonType.swift */,
			);
			path = Entities;
			sourceTree = "<group>";
		};
		3DE3197122EB710C006A0CB1 /* Model */ = {
			isa = PBXGroup;
			children = (
				3DE3196622EB70B8006A0CB1 /* PokemonModel.swift */,
				3DE3197422EB72C3006A0CB1 /* PokemonTypeModel.swift */,
				3DE3197222EB7114006A0CB1 /* Mapper */,
			);
			path = Model;
			sourceTree = "<group>";
		};
		3DE3197222EB7114006A0CB1 /* Mapper */ = {
			isa = PBXGroup;
			children = (
				3DE3197F22EB7CFB006A0CB1 /* BaseModelDataMapper.swift */,
				3DE3196822EB70B8006A0CB1 /* PokemonModelDataMapper.swift */,
				3DE3197622EB72C3006A0CB1 /* PokemonTypeModelDataMapper.swift */,
			);
			path = Mapper;
			sourceTree = "<group>";
		};
		3DE3198122EB81F2006A0CB1 /* Use Cases */ = {
			isa = PBXGroup;
			children = (
				3D3CF79E22EE095D00591A40 /* AddPokemonToBackpackUseCase.swift */,
				3DE3198F22EB8518006A0CB1 /* SearchPokemonUseCase.swift */,
				3DE3198622EB8242006A0CB1 /* Implementation */,
			);
			path = "Use Cases";
			sourceTree = "<group>";
		};
		3DE3198622EB8242006A0CB1 /* Implementation */ = {
			isa = PBXGroup;
			children = (
				3DE3198D22EB84D4006A0CB1 /* BaseUseCaseImpl.swift */,
				3D3CF79F22EE095D00591A40 /* AddPokemonToBackpackUseCaseImpl.swift */,
				3DE3199022EB8518006A0CB1 /* SearchPokemonUseCaseImpl.swift */,
			);
			path = Implementation;
			sourceTree = "<group>";
		};
		3DE3198722EB8273006A0CB1 /* Repositories */ = {
			isa = PBXGroup;
			children = (
				3D3CF7A322EE09D800591A40 /* PokemonDataRepository.swift */,
				3DE3198922EB82A4006A0CB1 /* PokemonRepository.swift */,
			);
			path = Repositories;
			sourceTree = "<group>";
		};
		3DE3198C22EB82B3006A0CB1 /* Repositories */ = {
			isa = PBXGroup;
			children = (
				3D3CF7A222EE09D800591A40 /* PokemonDataRepositoryImpl.swift */,
				3DE3198822EB82A4006A0CB1 /* PokemonRepositoryImpl.swift */,
			);
			path = Repositories;
			sourceTree = "<group>";
		};
/* End PBXGroup section */

/* Begin PBXNativeTarget section */
		3D6CB44F22EA38D50039A140 /* PokeCodeTest */ = {
			isa = PBXNativeTarget;
			buildConfigurationList = 3D6CB46D22EA38D60039A140 /* Build configuration list for PBXNativeTarget "PokeCodeTest" */;
			buildPhases = (
				56F26C305B756756D195B0E9 /* [CP] Check Pods Manifest.lock */,
				3D6CB44C22EA38D50039A140 /* Sources */,
				3D6CB44D22EA38D50039A140 /* Frameworks */,
				3D6CB44E22EA38D50039A140 /* Resources */,
				6EB17B3C61EBA72A10599148 /* [CP] Embed Pods Frameworks */,
				0D73715AB42AA3E5EE6AA4C3 /* [CP] Copy Pods Resources */,
			);
			buildRules = (
			);
			dependencies = (
			);
			name = PokeCodeTest;
			productName = PokeCodeTest;
			productReference = 3D6CB45022EA38D50039A140 /* PokeCodeTest.app */;
			productType = "com.apple.product-type.application";
		};
		3D6CB46322EA38D60039A140 /* PokeCodeTestUITests */ = {
			isa = PBXNativeTarget;
			buildConfigurationList = 3D6CB47022EA38D60039A140 /* Build configuration list for PBXNativeTarget "PokeCodeTestUITests" */;
			buildPhases = (
				08EE1284CB6FAD155E8F66BE /* [CP] Check Pods Manifest.lock */,
				3D6CB46022EA38D60039A140 /* Sources */,
				3D6CB46122EA38D60039A140 /* Frameworks */,
				3D6CB46222EA38D60039A140 /* Resources */,
				256A5C8985A3C27BAB25C895 /* [CP] Embed Pods Frameworks */,
				EAD8A602286E69738E5D8F5D /* [CP] Copy Pods Resources */,
			);
			buildRules = (
			);
			dependencies = (
				3D6CB46622EA38D60039A140 /* PBXTargetDependency */,
			);
			name = PokeCodeTestUITests;
			productName = PokeCodeTestUITests;
			productReference = 3D6CB46422EA38D60039A140 /* PokeCodeTestUITests.xctest */;
			productType = "com.apple.product-type.bundle.ui-testing";
		};
/* End PBXNativeTarget section */

/* Begin PBXProject section */
		3D6CB44822EA38D50039A140 /* Project object */ = {
			isa = PBXProject;
			attributes = {
				LastSwiftUpdateCheck = 1020;
				LastUpgradeCheck = 1020;
				ORGANIZATIONNAME = AmadorNavarro;
				TargetAttributes = {
					3D6CB44F22EA38D50039A140 = {
						CreatedOnToolsVersion = 10.2.1;
					};
					3D6CB46322EA38D60039A140 = {
						CreatedOnToolsVersion = 10.2.1;
						TestTargetID = 3D6CB44F22EA38D50039A140;
					};
				};
			};
			buildConfigurationList = 3D6CB44B22EA38D50039A140 /* Build configuration list for PBXProject "PokeCodeTest" */;
			compatibilityVersion = "Xcode 9.3";
			developmentRegion = en;
			hasScannedForEncodings = 0;
			knownRegions = (
				en,
				Base,
			);
			mainGroup = 3D6CB44722EA38D50039A140;
			productRefGroup = 3D6CB45122EA38D50039A140 /* Products */;
			projectDirPath = "";
			projectRoot = "";
			targets = (
				3D6CB44F22EA38D50039A140 /* PokeCodeTest */,
				3D6CB46322EA38D60039A140 /* PokeCodeTestUITests */,
			);
		};
/* End PBXProject section */

/* Begin PBXResourcesBuildPhase section */
		3D6CB44E22EA38D50039A140 /* Resources */ = {
			isa = PBXResourcesBuildPhase;
			buildActionMask = 2147483647;
			files = (
				3D6CB45E22EA38D60039A140 /* LaunchScreen.storyboard in Resources */,
				3D6CB45B22EA38D60039A140 /* Assets.xcassets in Resources */,
				3D6CB4B922EA3B210039A140 /* Roboto-Bold.ttf in Resources */,
				3D6CB4B522EA3B210039A140 /* Roboto-BoldItalic.ttf in Resources */,
				3D6CB4B222EA3B210039A140 /* Roboto-Regular.ttf in Resources */,
				3D45043B22ECA9DB0000F1BA /* SearchPokemonViewController.xib in Resources */,
				3D6CB4B422EA3B210039A140 /* Roboto-ThinItalic.ttf in Resources */,
				3D6CB4B622EA3B210039A140 /* Roboto-LightItalic.ttf in Resources */,
				3D6CB4B822EA3B210039A140 /* Roboto-BlackItalic.ttf in Resources */,
				3DE3194222EB62B8006A0CB1 /* UpperBannerView.xib in Resources */,
				3D6CB4B122EA3B210039A140 /* Roboto-Light.ttf in Resources */,
				3D6CB4B722EA3B210039A140 /* Roboto-Italic.ttf in Resources */,
				3D6CB4B322EA3B210039A140 /* Roboto-MediumItalic.ttf in Resources */,
				3D6CB4BB22EA3B210039A140 /* Roboto-Black.ttf in Resources */,
				3D6CB4BA22EA3B210039A140 /* Roboto-Thin.ttf in Resources */,
				3DE3194922EB634A006A0CB1 /* BackgroundView.xib in Resources */,
				3D6CB4B022EA3B210039A140 /* Roboto-Medium.ttf in Resources */,
			);
			runOnlyForDeploymentPostprocessing = 0;
		};
		3D6CB46222EA38D60039A140 /* Resources */ = {
			isa = PBXResourcesBuildPhase;
			buildActionMask = 2147483647;
			files = (
			);
			runOnlyForDeploymentPostprocessing = 0;
		};
/* End PBXResourcesBuildPhase section */

/* Begin PBXShellScriptBuildPhase section */
		08EE1284CB6FAD155E8F66BE /* [CP] Check Pods Manifest.lock */ = {
			isa = PBXShellScriptBuildPhase;
			buildActionMask = 2147483647;
			files = (
			);
			inputPaths = (
				"${PODS_PODFILE_DIR_PATH}/Podfile.lock",
				"${PODS_ROOT}/Manifest.lock",
			);
			name = "[CP] Check Pods Manifest.lock";
			outputPaths = (
				"$(DERIVED_FILE_DIR)/Pods-PokeCodeTestUITests-checkManifestLockResult.txt",
			);
			runOnlyForDeploymentPostprocessing = 0;
			shellPath = /bin/sh;
			shellScript = "diff \"${PODS_PODFILE_DIR_PATH}/Podfile.lock\" \"${PODS_ROOT}/Manifest.lock\" > /dev/null\nif [ $? != 0 ] ; then\n    # print error to STDERR\n    echo \"error: The sandbox is not in sync with the Podfile.lock. Run 'pod install' or update your CocoaPods installation.\" >&2\n    exit 1\nfi\n# This output is used by Xcode 'outputs' to avoid re-running this script phase.\necho \"SUCCESS\" > \"${SCRIPT_OUTPUT_FILE_0}\"\n";
			showEnvVarsInLog = 0;
		};
		0D73715AB42AA3E5EE6AA4C3 /* [CP] Copy Pods Resources */ = {
			isa = PBXShellScriptBuildPhase;
			buildActionMask = 2147483647;
			files = (
			);
			inputPaths = (
			);
			name = "[CP] Copy Pods Resources";
			outputPaths = (
			);
			runOnlyForDeploymentPostprocessing = 0;
			shellPath = /bin/sh;
			shellScript = "\"${SRCROOT}/Pods/Target Support Files/Pods-PokeCodeTest/Pods-PokeCodeTest-resources.sh\"\n";
			showEnvVarsInLog = 0;
		};
		256A5C8985A3C27BAB25C895 /* [CP] Embed Pods Frameworks */ = {
			isa = PBXShellScriptBuildPhase;
			buildActionMask = 2147483647;
			files = (
			);
			inputPaths = (
				"${SRCROOT}/Pods/Target Support Files/Pods-PokeCodeTestUITests/Pods-PokeCodeTestUITests-frameworks.sh",
				"${BUILT_PRODUCTS_DIR}/Action/Action.framework",
				"${BUILT_PRODUCTS_DIR}/Alamofire/Alamofire.framework",
				"${BUILT_PRODUCTS_DIR}/Kingfisher/Kingfisher.framework",
				"${BUILT_PRODUCTS_DIR}/MBProgressHUD/MBProgressHUD.framework",
				"${BUILT_PRODUCTS_DIR}/RxAlamofire/RxAlamofire.framework",
				"${BUILT_PRODUCTS_DIR}/RxCocoa/RxCocoa.framework",
				"${BUILT_PRODUCTS_DIR}/RxRelay/RxRelay.framework",
				"${BUILT_PRODUCTS_DIR}/RxSwift/RxSwift.framework",
				"${BUILT_PRODUCTS_DIR}/SnapKit/SnapKit.framework",
			);
			name = "[CP] Embed Pods Frameworks";
			outputPaths = (
				"${TARGET_BUILD_DIR}/${FRAMEWORKS_FOLDER_PATH}/Action.framework",
				"${TARGET_BUILD_DIR}/${FRAMEWORKS_FOLDER_PATH}/Alamofire.framework",
				"${TARGET_BUILD_DIR}/${FRAMEWORKS_FOLDER_PATH}/Kingfisher.framework",
				"${TARGET_BUILD_DIR}/${FRAMEWORKS_FOLDER_PATH}/MBProgressHUD.framework",
				"${TARGET_BUILD_DIR}/${FRAMEWORKS_FOLDER_PATH}/RxAlamofire.framework",
				"${TARGET_BUILD_DIR}/${FRAMEWORKS_FOLDER_PATH}/RxCocoa.framework",
				"${TARGET_BUILD_DIR}/${FRAMEWORKS_FOLDER_PATH}/RxRelay.framework",
				"${TARGET_BUILD_DIR}/${FRAMEWORKS_FOLDER_PATH}/RxSwift.framework",
				"${TARGET_BUILD_DIR}/${FRAMEWORKS_FOLDER_PATH}/SnapKit.framework",
			);
			runOnlyForDeploymentPostprocessing = 0;
			shellPath = /bin/sh;
			shellScript = "\"${SRCROOT}/Pods/Target Support Files/Pods-PokeCodeTestUITests/Pods-PokeCodeTestUITests-frameworks.sh\"\n";
			showEnvVarsInLog = 0;
		};
		56F26C305B756756D195B0E9 /* [CP] Check Pods Manifest.lock */ = {
			isa = PBXShellScriptBuildPhase;
			buildActionMask = 2147483647;
			files = (
			);
			inputPaths = (
				"${PODS_PODFILE_DIR_PATH}/Podfile.lock",
				"${PODS_ROOT}/Manifest.lock",
			);
			name = "[CP] Check Pods Manifest.lock";
			outputPaths = (
				"$(DERIVED_FILE_DIR)/Pods-PokeCodeTest-checkManifestLockResult.txt",
			);
			runOnlyForDeploymentPostprocessing = 0;
			shellPath = /bin/sh;
			shellScript = "diff \"${PODS_PODFILE_DIR_PATH}/Podfile.lock\" \"${PODS_ROOT}/Manifest.lock\" > /dev/null\nif [ $? != 0 ] ; then\n    # print error to STDERR\n    echo \"error: The sandbox is not in sync with the Podfile.lock. Run 'pod install' or update your CocoaPods installation.\" >&2\n    exit 1\nfi\n# This output is used by Xcode 'outputs' to avoid re-running this script phase.\necho \"SUCCESS\" > \"${SCRIPT_OUTPUT_FILE_0}\"\n";
			showEnvVarsInLog = 0;
		};
		6EB17B3C61EBA72A10599148 /* [CP] Embed Pods Frameworks */ = {
			isa = PBXShellScriptBuildPhase;
			buildActionMask = 2147483647;
			files = (
			);
			inputPaths = (
				"${SRCROOT}/Pods/Target Support Files/Pods-PokeCodeTest/Pods-PokeCodeTest-frameworks.sh",
				"${BUILT_PRODUCTS_DIR}/Action/Action.framework",
				"${BUILT_PRODUCTS_DIR}/Alamofire/Alamofire.framework",
				"${BUILT_PRODUCTS_DIR}/Kingfisher/Kingfisher.framework",
				"${BUILT_PRODUCTS_DIR}/MBProgressHUD/MBProgressHUD.framework",
				"${BUILT_PRODUCTS_DIR}/RxAlamofire/RxAlamofire.framework",
				"${BUILT_PRODUCTS_DIR}/RxCocoa/RxCocoa.framework",
				"${BUILT_PRODUCTS_DIR}/RxRelay/RxRelay.framework",
				"${BUILT_PRODUCTS_DIR}/RxSwift/RxSwift.framework",
				"${BUILT_PRODUCTS_DIR}/SnapKit/SnapKit.framework",
			);
			name = "[CP] Embed Pods Frameworks";
			outputPaths = (
				"${TARGET_BUILD_DIR}/${FRAMEWORKS_FOLDER_PATH}/Action.framework",
				"${TARGET_BUILD_DIR}/${FRAMEWORKS_FOLDER_PATH}/Alamofire.framework",
				"${TARGET_BUILD_DIR}/${FRAMEWORKS_FOLDER_PATH}/Kingfisher.framework",
				"${TARGET_BUILD_DIR}/${FRAMEWORKS_FOLDER_PATH}/MBProgressHUD.framework",
				"${TARGET_BUILD_DIR}/${FRAMEWORKS_FOLDER_PATH}/RxAlamofire.framework",
				"${TARGET_BUILD_DIR}/${FRAMEWORKS_FOLDER_PATH}/RxCocoa.framework",
				"${TARGET_BUILD_DIR}/${FRAMEWORKS_FOLDER_PATH}/RxRelay.framework",
				"${TARGET_BUILD_DIR}/${FRAMEWORKS_FOLDER_PATH}/RxSwift.framework",
				"${TARGET_BUILD_DIR}/${FRAMEWORKS_FOLDER_PATH}/SnapKit.framework",
			);
			runOnlyForDeploymentPostprocessing = 0;
			shellPath = /bin/sh;
			shellScript = "\"${SRCROOT}/Pods/Target Support Files/Pods-PokeCodeTest/Pods-PokeCodeTest-frameworks.sh\"\n";
			showEnvVarsInLog = 0;
		};
		EAD8A602286E69738E5D8F5D /* [CP] Copy Pods Resources */ = {
			isa = PBXShellScriptBuildPhase;
			buildActionMask = 2147483647;
			files = (
			);
			inputPaths = (
			);
			name = "[CP] Copy Pods Resources";
			outputPaths = (
			);
			runOnlyForDeploymentPostprocessing = 0;
			shellPath = /bin/sh;
			shellScript = "\"${SRCROOT}/Pods/Target Support Files/Pods-PokeCodeTestUITests/Pods-PokeCodeTestUITests-resources.sh\"\n";
			showEnvVarsInLog = 0;
		};
/* End PBXShellScriptBuildPhase section */

/* Begin PBXSourcesBuildPhase section */
		3D6CB44C22EA38D50039A140 /* Sources */ = {
			isa = PBXSourcesBuildPhase;
			buildActionMask = 2147483647;
			files = (
				3D3CF7A022EE095D00591A40 /* AddPokemonToBackpackUseCase.swift in Sources */,
				3D6CB4D922EA3B210039A140 /* String+Utils.swift in Sources */,
				3D6CB4C522EA3B210039A140 /* UINavigationBar+Utilities.swift in Sources */,
				3D6CB4DB22EA3B210039A140 /* Translator.swift in Sources */,
				3D3CF78022EDBABA00591A40 /* PokeCodeTest.xcdatamodeld in Sources */,
				3D6CB4BC22EA3B210039A140 /* BaseWireframe.swift in Sources */,
				3D6CB4DA22EA3B210039A140 /* Date+Utils.swift in Sources */,
				3D3CF7A422EE09D800591A40 /* PokemonDataRepositoryImpl.swift in Sources */,
				3D6CB4BE22EA3B210039A140 /* BaseComponentView.swift in Sources */,
				3D3CF78A22EDF2AE00591A40 /* PokemonTypeData.swift in Sources */,
				3DE3196222EB6FE3006A0CB1 /* PokeapiService.swift in Sources */,
				3D3CF7AC22EE0AF400591A40 /* PokeCoreDataServiceGateway.swift in Sources */,
				3DE3196E22EB70B8006A0CB1 /* PokemonEntity.swift in Sources */,
				3D3CF78722EDF2A100591A40 /* _PokemonTypeData.swift in Sources */,
				3DE3196D22EB70B8006A0CB1 /* PokemonModelDataMapper.swift in Sources */,
				3D45043A22ECA9DB0000F1BA /* SearchPokemonViewModel.swift in Sources */,
				3D3CF78D22EDFA5300591A40 /* BaseCoreDataMapper.swift in Sources */,
				3D6CB4BD22EA3B210039A140 /* BaseViewController.swift in Sources */,
				3DE3199122EB8518006A0CB1 /* SearchPokemonUseCase.swift in Sources */,
				3D6CB4CA22EA3B210039A140 /* Error+Utils.swift in Sources */,
				3D6CB4C722EA3B210039A140 /* String+Localized.swift in Sources */,
				3DE3198E22EB84D4006A0CB1 /* BaseUseCaseImpl.swift in Sources */,
				3DE3194A22EB634A006A0CB1 /* BackgroundView.swift in Sources */,
				3D3CF7A122EE095D00591A40 /* AddPokemonToBackpackUseCaseImpl.swift in Sources */,
				3DE3194D22EB6837006A0CB1 /* Int + Utils.swift in Sources */,
				3DE3193B22EB6043006A0CB1 /* NetworkConstants.swift in Sources */,
				3D6CB45422EA38D50039A140 /* AppDelegate.swift in Sources */,
				3D6CB4C322EA3B210039A140 /* Reusable.swift in Sources */,
				3D6CB4D022EA3B210039A140 /* UILabel+Utilities.swift in Sources */,
				3D6CB4CF22EA3B210039A140 /* Array+Utils.swift in Sources */,
				3DE3195822EB6D83006A0CB1 /* NetworkProxy.swift in Sources */,
				3D6CB4D722EA3B210039A140 /* UIView+utilities.swift in Sources */,
				3D6CB4C822EA3B210039A140 /* UIImageView+Maps.swift in Sources */,
				3D6CB4E322EA3EC70039A140 /* NetworkError.swift in Sources */,
				3D6CB4D122EA3B210039A140 /* UIButton+Utilities.swift in Sources */,
				3DE3194422EB62B8006A0CB1 /* UpperBannerViewModel.swift in Sources */,
				3D6CB4D422EA3B210039A140 /* Stylized.swift in Sources */,
				3D6CB4C122EA3B210039A140 /* Wireframe.swift in Sources */,
				3D6CB4C222EA3B210039A140 /* BaseViewControllerDelegate.swift in Sources */,
				3DE3197A22EB72C3006A0CB1 /* PokemonType.swift in Sources */,
				3DE3196B22EB70B8006A0CB1 /* PokemonModel.swift in Sources */,
				3DE3196122EB6FE3006A0CB1 /* PokeapiServiceGateway.swift in Sources */,
				3D3CF78B22EDF2AE00591A40 /* PokemonData.swift in Sources */,
				3DE3195322EB6C37006A0CB1 /* NetworkHeadersAdapter.swift in Sources */,
				3D6CB4C922EA3B210039A140 /* UITableViewCell+Reusable.swift .swift in Sources */,
				3D3CF78622EDF2A100591A40 /* _PokemonData.swift in Sources */,
				3D6CB4C622EA3B210039A140 /* RxSwift+Utils.swift in Sources */,
				3D3CF7AB22EE0AF400591A40 /* PokeCoreDataGateway.swift in Sources */,
				3D45043122EC99C10000F1BA /* JSONDecoder + Utils.swift in Sources */,
				3DE3197922EB72C3006A0CB1 /* PokemonTypeModel.swift in Sources */,
				3DE3196A22EB70B8006A0CB1 /* PokemonEntityDataMapper.swift in Sources */,
				3D3CF77C22EDB97E00591A40 /* DATAStack.swift in Sources */,
				3D3CF7A522EE09D800591A40 /* PokemonDataRepository.swift in Sources */,
				3DE3199222EB8518006A0CB1 /* SearchPokemonUseCaseImpl.swift in Sources */,
				3D6CB4D322EA3B210039A140 /* UITableViewCell+BaseViewModel.swift in Sources */,
				3D45043422ECA76F0000F1BA /* PokedexTabBarController.swift in Sources */,
				3D6CB4D622EA3B210039A140 /* UIImage+Utilities.swift in Sources */,
				3D45043922ECA9DB0000F1BA /* SearchPokemonViewController.swift in Sources */,
				3DE3197E22EB7975006A0CB1 /* BaseEntityDataMapper.swift in Sources */,
				3D6CB4C422EA3B210039A140 /* BaseCell.swift in Sources */,
				3D6CB4D822EA3B210039A140 /* Double+Utils.swift in Sources */,
				3DE3198A22EB82A4006A0CB1 /* PokemonRepositoryImpl.swift in Sources */,
				3D6CB4CC22EA3B210039A140 /* UITableView+Utilities.swift in Sources */,
				3DE3195022EB6BBE006A0CB1 /* Network.swift in Sources */,
				3D3CF79722EE03C200591A40 /* PokemonTypeCoreDataMapper.swift in Sources */,
				3DE3195422EB6C38006A0CB1 /* NetworkRequest.swift in Sources */,
				3D6CB4DC22EA3B210039A140 /* Theme.swift in Sources */,
				3D6CB4CD22EA3B210039A140 /* UIColor+Colorize.swift in Sources */,
				3DE3197B22EB72C3006A0CB1 /* PokemonTypeModelDataMapper.swift in Sources */,
				3D6CB4AF22EA3B210039A140 /* JSONLogger.swift in Sources */,
				3DE3198022EB7CFB006A0CB1 /* BaseModelDataMapper.swift in Sources */,
				3DE3194322EB62B8006A0CB1 /* UpperBannerView.swift in Sources */,
				3D6CB4BF22EA3B210039A140 /* BaseViewModel.swift in Sources */,
				3D3CF77B22EDB97E00591A40 /* CoreDataError.swift in Sources */,
				3DE3194B22EB634A006A0CB1 /* BackgroundViewModel.swift in Sources */,
				3DE3196022EB6FE3006A0CB1 /* PokeapiGateway.swift in Sources */,
				3D45042F22EC98560000F1BA /* JSONEncoder + Utils.swift in Sources */,
				3DE3197822EB72C3006A0CB1 /* PokemonTypeEntityDataMapper.swift in Sources */,
				3D3CF79522EE031000591A40 /* PokemonCoreDataMapper.swift in Sources */,
				3D6CB4D522EA3B210039A140 /* UIView+ProgressHUD.swift in Sources */,
				3D6CB4CE22EA3B210039A140 /* Action+Utils.swift in Sources */,
				3D6CB4D222EA3B210039A140 /* UIViewController+Utils.swift in Sources */,
				3DE3195622EB6CBE006A0CB1 /* ArrayEncoding.swift in Sources */,
				3DE3196C22EB70B8006A0CB1 /* Pokemon.swift in Sources */,
				3DE3197C22EB72C3006A0CB1 /* PokemonTypeEntity.swift in Sources */,
				3D6CB4DD22EA3B210039A140 /* Constants.swift in Sources */,
				3DE3198B22EB82A4006A0CB1 /* PokemonRepository.swift in Sources */,
			);
			runOnlyForDeploymentPostprocessing = 0;
		};
		3D6CB46022EA38D60039A140 /* Sources */ = {
			isa = PBXSourcesBuildPhase;
			buildActionMask = 2147483647;
			files = (
				3D6CB46922EA38D60039A140 /* PokeCodeTestUITests.swift in Sources */,
			);
			runOnlyForDeploymentPostprocessing = 0;
		};
/* End PBXSourcesBuildPhase section */

/* Begin PBXTargetDependency section */
		3D6CB46622EA38D60039A140 /* PBXTargetDependency */ = {
			isa = PBXTargetDependency;
			target = 3D6CB44F22EA38D50039A140 /* PokeCodeTest */;
			targetProxy = 3D6CB46522EA38D60039A140 /* PBXContainerItemProxy */;
		};
/* End PBXTargetDependency section */

/* Begin PBXVariantGroup section */
		3D6CB45C22EA38D60039A140 /* LaunchScreen.storyboard */ = {
			isa = PBXVariantGroup;
			children = (
				3D6CB45D22EA38D60039A140 /* Base */,
			);
			name = LaunchScreen.storyboard;
			sourceTree = "<group>";
		};
/* End PBXVariantGroup section */

/* Begin XCBuildConfiguration section */
		3D6CB46B22EA38D60039A140 /* Debug */ = {
			isa = XCBuildConfiguration;
			buildSettings = {
				ALWAYS_SEARCH_USER_PATHS = NO;
				CLANG_ANALYZER_NONNULL = YES;
				CLANG_ANALYZER_NUMBER_OBJECT_CONVERSION = YES_AGGRESSIVE;
				CLANG_CXX_LANGUAGE_STANDARD = "gnu++14";
				CLANG_CXX_LIBRARY = "libc++";
				CLANG_ENABLE_MODULES = YES;
				CLANG_ENABLE_OBJC_ARC = YES;
				CLANG_ENABLE_OBJC_WEAK = YES;
				CLANG_WARN_BLOCK_CAPTURE_AUTORELEASING = YES;
				CLANG_WARN_BOOL_CONVERSION = YES;
				CLANG_WARN_COMMA = YES;
				CLANG_WARN_CONSTANT_CONVERSION = YES;
				CLANG_WARN_DEPRECATED_OBJC_IMPLEMENTATIONS = YES;
				CLANG_WARN_DIRECT_OBJC_ISA_USAGE = YES_ERROR;
				CLANG_WARN_DOCUMENTATION_COMMENTS = YES;
				CLANG_WARN_EMPTY_BODY = YES;
				CLANG_WARN_ENUM_CONVERSION = YES;
				CLANG_WARN_INFINITE_RECURSION = YES;
				CLANG_WARN_INT_CONVERSION = YES;
				CLANG_WARN_NON_LITERAL_NULL_CONVERSION = YES;
				CLANG_WARN_OBJC_IMPLICIT_RETAIN_SELF = YES;
				CLANG_WARN_OBJC_LITERAL_CONVERSION = YES;
				CLANG_WARN_OBJC_ROOT_CLASS = YES_ERROR;
				CLANG_WARN_RANGE_LOOP_ANALYSIS = YES;
				CLANG_WARN_STRICT_PROTOTYPES = YES;
				CLANG_WARN_SUSPICIOUS_MOVE = YES;
				CLANG_WARN_UNGUARDED_AVAILABILITY = YES_AGGRESSIVE;
				CLANG_WARN_UNREACHABLE_CODE = YES;
				CLANG_WARN__DUPLICATE_METHOD_MATCH = YES;
				CODE_SIGN_IDENTITY = "iPhone Developer";
				COPY_PHASE_STRIP = NO;
				DEBUG_INFORMATION_FORMAT = dwarf;
				ENABLE_STRICT_OBJC_MSGSEND = YES;
				ENABLE_TESTABILITY = YES;
				GCC_C_LANGUAGE_STANDARD = gnu11;
				GCC_DYNAMIC_NO_PIC = NO;
				GCC_NO_COMMON_BLOCKS = YES;
				GCC_OPTIMIZATION_LEVEL = 0;
				GCC_PREPROCESSOR_DEFINITIONS = (
					"DEBUG=1",
					"$(inherited)",
				);
				GCC_WARN_64_TO_32_BIT_CONVERSION = YES;
				GCC_WARN_ABOUT_RETURN_TYPE = YES_ERROR;
				GCC_WARN_UNDECLARED_SELECTOR = YES;
				GCC_WARN_UNINITIALIZED_AUTOS = YES_AGGRESSIVE;
				GCC_WARN_UNUSED_FUNCTION = YES;
				GCC_WARN_UNUSED_VARIABLE = YES;
				IPHONEOS_DEPLOYMENT_TARGET = 12.2;
				MTL_ENABLE_DEBUG_INFO = INCLUDE_SOURCE;
				MTL_FAST_MATH = YES;
				ONLY_ACTIVE_ARCH = YES;
				SDKROOT = iphoneos;
				SWIFT_ACTIVE_COMPILATION_CONDITIONS = DEBUG;
				SWIFT_OPTIMIZATION_LEVEL = "-Onone";
			};
			name = Debug;
		};
		3D6CB46C22EA38D60039A140 /* Release */ = {
			isa = XCBuildConfiguration;
			buildSettings = {
				ALWAYS_SEARCH_USER_PATHS = NO;
				CLANG_ANALYZER_NONNULL = YES;
				CLANG_ANALYZER_NUMBER_OBJECT_CONVERSION = YES_AGGRESSIVE;
				CLANG_CXX_LANGUAGE_STANDARD = "gnu++14";
				CLANG_CXX_LIBRARY = "libc++";
				CLANG_ENABLE_MODULES = YES;
				CLANG_ENABLE_OBJC_ARC = YES;
				CLANG_ENABLE_OBJC_WEAK = YES;
				CLANG_WARN_BLOCK_CAPTURE_AUTORELEASING = YES;
				CLANG_WARN_BOOL_CONVERSION = YES;
				CLANG_WARN_COMMA = YES;
				CLANG_WARN_CONSTANT_CONVERSION = YES;
				CLANG_WARN_DEPRECATED_OBJC_IMPLEMENTATIONS = YES;
				CLANG_WARN_DIRECT_OBJC_ISA_USAGE = YES_ERROR;
				CLANG_WARN_DOCUMENTATION_COMMENTS = YES;
				CLANG_WARN_EMPTY_BODY = YES;
				CLANG_WARN_ENUM_CONVERSION = YES;
				CLANG_WARN_INFINITE_RECURSION = YES;
				CLANG_WARN_INT_CONVERSION = YES;
				CLANG_WARN_NON_LITERAL_NULL_CONVERSION = YES;
				CLANG_WARN_OBJC_IMPLICIT_RETAIN_SELF = YES;
				CLANG_WARN_OBJC_LITERAL_CONVERSION = YES;
				CLANG_WARN_OBJC_ROOT_CLASS = YES_ERROR;
				CLANG_WARN_RANGE_LOOP_ANALYSIS = YES;
				CLANG_WARN_STRICT_PROTOTYPES = YES;
				CLANG_WARN_SUSPICIOUS_MOVE = YES;
				CLANG_WARN_UNGUARDED_AVAILABILITY = YES_AGGRESSIVE;
				CLANG_WARN_UNREACHABLE_CODE = YES;
				CLANG_WARN__DUPLICATE_METHOD_MATCH = YES;
				CODE_SIGN_IDENTITY = "iPhone Developer";
				COPY_PHASE_STRIP = NO;
				DEBUG_INFORMATION_FORMAT = "dwarf-with-dsym";
				ENABLE_NS_ASSERTIONS = NO;
				ENABLE_STRICT_OBJC_MSGSEND = YES;
				GCC_C_LANGUAGE_STANDARD = gnu11;
				GCC_NO_COMMON_BLOCKS = YES;
				GCC_WARN_64_TO_32_BIT_CONVERSION = YES;
				GCC_WARN_ABOUT_RETURN_TYPE = YES_ERROR;
				GCC_WARN_UNDECLARED_SELECTOR = YES;
				GCC_WARN_UNINITIALIZED_AUTOS = YES_AGGRESSIVE;
				GCC_WARN_UNUSED_FUNCTION = YES;
				GCC_WARN_UNUSED_VARIABLE = YES;
				IPHONEOS_DEPLOYMENT_TARGET = 12.2;
				MTL_ENABLE_DEBUG_INFO = NO;
				MTL_FAST_MATH = YES;
				SDKROOT = iphoneos;
				SWIFT_COMPILATION_MODE = wholemodule;
				SWIFT_OPTIMIZATION_LEVEL = "-O";
				VALIDATE_PRODUCT = YES;
			};
			name = Release;
		};
		3D6CB46E22EA38D60039A140 /* Debug */ = {
			isa = XCBuildConfiguration;
			baseConfigurationReference = C0BCF1D54B0BADAD312D4D18 /* Pods-PokeCodeTest.debug.xcconfig */;
			buildSettings = {
				ASSETCATALOG_COMPILER_APPICON_NAME = AppIcon;
				CODE_SIGN_STYLE = Automatic;
				DEVELOPMENT_TEAM = H6736Y4CV2;
				INFOPLIST_FILE = "PokeCodeTest/App/Supporting Files/Info.plist";
				LD_RUNPATH_SEARCH_PATHS = (
					"$(inherited)",
					"@executable_path/Frameworks",
				);
				PRODUCT_BUNDLE_IDENTIFIER = com.AmadorNavarro.PokeCodeTest;
				PRODUCT_NAME = "$(TARGET_NAME)";
				SWIFT_VERSION = 5.0;
				TARGETED_DEVICE_FAMILY = 1;
			};
			name = Debug;
		};
		3D6CB46F22EA38D60039A140 /* Release */ = {
			isa = XCBuildConfiguration;
			baseConfigurationReference = EBF390350684C5A5A8E275EE /* Pods-PokeCodeTest.release.xcconfig */;
			buildSettings = {
				ASSETCATALOG_COMPILER_APPICON_NAME = AppIcon;
				CODE_SIGN_STYLE = Automatic;
				DEVELOPMENT_TEAM = H6736Y4CV2;
				INFOPLIST_FILE = "PokeCodeTest/App/Supporting Files/Info.plist";
				LD_RUNPATH_SEARCH_PATHS = (
					"$(inherited)",
					"@executable_path/Frameworks",
				);
				PRODUCT_BUNDLE_IDENTIFIER = com.AmadorNavarro.PokeCodeTest;
				PRODUCT_NAME = "$(TARGET_NAME)";
				SWIFT_VERSION = 5.0;
				TARGETED_DEVICE_FAMILY = 1;
			};
			name = Release;
		};
		3D6CB47122EA38D60039A140 /* Debug */ = {
			isa = XCBuildConfiguration;
			baseConfigurationReference = 9D5CC1314CCF260D8C883B3B /* Pods-PokeCodeTestUITests.debug.xcconfig */;
			buildSettings = {
				ALWAYS_EMBED_SWIFT_STANDARD_LIBRARIES = YES;
				CODE_SIGN_STYLE = Automatic;
				DEVELOPMENT_TEAM = H6736Y4CV2;
				INFOPLIST_FILE = PokeCodeTestUITests/Info.plist;
				LD_RUNPATH_SEARCH_PATHS = (
					"$(inherited)",
					"@executable_path/Frameworks",
					"@loader_path/Frameworks",
				);
				PRODUCT_BUNDLE_IDENTIFIER = com.AmadorNavarro.PokeCodeTestUITests;
				PRODUCT_NAME = "$(TARGET_NAME)";
				SWIFT_VERSION = 5.0;
				TARGETED_DEVICE_FAMILY = "1,2";
				TEST_TARGET_NAME = PokeCodeTest;
			};
			name = Debug;
		};
		3D6CB47222EA38D60039A140 /* Release */ = {
			isa = XCBuildConfiguration;
			baseConfigurationReference = 78A9B5B966F1CC31A64338BF /* Pods-PokeCodeTestUITests.release.xcconfig */;
			buildSettings = {
				ALWAYS_EMBED_SWIFT_STANDARD_LIBRARIES = YES;
				CODE_SIGN_STYLE = Automatic;
				DEVELOPMENT_TEAM = H6736Y4CV2;
				INFOPLIST_FILE = PokeCodeTestUITests/Info.plist;
				LD_RUNPATH_SEARCH_PATHS = (
					"$(inherited)",
					"@executable_path/Frameworks",
					"@loader_path/Frameworks",
				);
				PRODUCT_BUNDLE_IDENTIFIER = com.AmadorNavarro.PokeCodeTestUITests;
				PRODUCT_NAME = "$(TARGET_NAME)";
				SWIFT_VERSION = 5.0;
				TARGETED_DEVICE_FAMILY = "1,2";
				TEST_TARGET_NAME = PokeCodeTest;
			};
			name = Release;
		};
/* End XCBuildConfiguration section */

/* Begin XCConfigurationList section */
		3D6CB44B22EA38D50039A140 /* Build configuration list for PBXProject "PokeCodeTest" */ = {
			isa = XCConfigurationList;
			buildConfigurations = (
				3D6CB46B22EA38D60039A140 /* Debug */,
				3D6CB46C22EA38D60039A140 /* Release */,
			);
			defaultConfigurationIsVisible = 0;
			defaultConfigurationName = Release;
		};
		3D6CB46D22EA38D60039A140 /* Build configuration list for PBXNativeTarget "PokeCodeTest" */ = {
			isa = XCConfigurationList;
			buildConfigurations = (
				3D6CB46E22EA38D60039A140 /* Debug */,
				3D6CB46F22EA38D60039A140 /* Release */,
			);
			defaultConfigurationIsVisible = 0;
			defaultConfigurationName = Release;
		};
		3D6CB47022EA38D60039A140 /* Build configuration list for PBXNativeTarget "PokeCodeTestUITests" */ = {
			isa = XCConfigurationList;
			buildConfigurations = (
				3D6CB47122EA38D60039A140 /* Debug */,
				3D6CB47222EA38D60039A140 /* Release */,
			);
			defaultConfigurationIsVisible = 0;
			defaultConfigurationName = Release;
		};
/* End XCConfigurationList section */

/* Begin XCVersionGroup section */
		3D3CF77E22EDBABA00591A40 /* PokeCodeTest.xcdatamodeld */ = {
			isa = XCVersionGroup;
			children = (
				3D3CF77F22EDBABA00591A40 /* PokeCodeTest.xcdatamodel */,
			);
			currentVersion = 3D3CF77F22EDBABA00591A40 /* PokeCodeTest.xcdatamodel */;
			path = PokeCodeTest.xcdatamodeld;
			sourceTree = "<group>";
			versionGroupType = wrapper.xcdatamodel;
		};
/* End XCVersionGroup section */
	};
	rootObject = 3D6CB44822EA38D50039A140 /* Project object */;
}
